// !$*UTF8*$!
{
	archiveVersion = 1;
	classes = {
	};
	objectVersion = 77;
	objects = {

/* Begin PBXBuildFile section */
		336F4738680C9F37F0BAB80E /* PIDRegistry.swift in Sources */ = {isa = PBXBuildFile; fileRef = 755440078FE4C82EDB00294B /* PIDRegistry.swift */; };
		38A9C602085EAA1B2760D743 /* BridgePublisher.swift in Sources */ = {isa = PBXBuildFile; fileRef = AA810DE57A758BD5354D56D8 /* BridgePublisher.swift */; };
		3A60995969A90FAF7B7CC4DF /* ContentView.swift in Sources */ = {isa = PBXBuildFile; fileRef = 3BE37259CB68FE851CE8B1F0 /* ContentView.swift */; };
		40B23DE768E969FD148A2B12 /* ELM327.swift in Sources */ = {isa = PBXBuildFile; fileRef = 580FD7A6488F5ED158F98911 /* ELM327.swift */; };
		7FCEA2E4B427D1BF30CD42E0 /* HavalOBDApp.swift in Sources */ = {isa = PBXBuildFile; fileRef = 172E39887EBFC9A9FC203472 /* HavalOBDApp.swift */; };
		C20EF54D46DFEFAE08452B42 /* PIDDefinition.swift in Sources */ = {isa = PBXBuildFile; fileRef = D628AE83944CDC07BC9BE4DA /* PIDDefinition.swift */; };
		C8B77D8F3CD363B90221DB20 /* CocoaMQTT in Frameworks */ = {isa = PBXBuildFile; productRef = 89834CDCAEBBFF42B9C81FC0 /* CocoaMQTT */; };
		E28631C58B22771B6227884F /* BluetoothManager.swift in Sources */ = {isa = PBXBuildFile; fileRef = 52A9923D70D2EE9AC17A5457 /* BluetoothManager.swift */; };
/* End PBXBuildFile section */

/* Begin PBXFileReference section */
		0592AF4ABBE74AD1E2211818 /* Info.plist */ = {isa = PBXFileReference; lastKnownFileType = text.plist; path = Info.plist; sourceTree = "<group>"; };
		172E39887EBFC9A9FC203472 /* HavalOBDApp.swift */ = {isa = PBXFileReference; lastKnownFileType = sourcecode.swift; path = HavalOBDApp.swift; sourceTree = "<group>"; };
		3BE37259CB68FE851CE8B1F0 /* ContentView.swift */ = {isa = PBXFileReference; lastKnownFileType = sourcecode.swift; path = ContentView.swift; sourceTree = "<group>"; };
		52A9923D70D2EE9AC17A5457 /* BluetoothManager.swift */ = {isa = PBXFileReference; lastKnownFileType = sourcecode.swift; path = BluetoothManager.swift; sourceTree = "<group>"; };
		580FD7A6488F5ED158F98911 /* ELM327.swift */ = {isa = PBXFileReference; lastKnownFileType = sourcecode.swift; path = ELM327.swift; sourceTree = "<group>"; };
		755440078FE4C82EDB00294B /* PIDRegistry.swift */ = {isa = PBXFileReference; lastKnownFileType = sourcecode.swift; path = PIDRegistry.swift; sourceTree = "<group>"; };
		AA810DE57A758BD5354D56D8 /* BridgePublisher.swift */ = {isa = PBXFileReference; lastKnownFileType = sourcecode.swift; path = BridgePublisher.swift; sourceTree = "<group>"; };
		CB3800777EEEE04B22A58CEC /* HavalOBD.app */ = {isa = PBXFileReference; includeInIndex = 0; lastKnownFileType = wrapper.application; path = HavalOBD.app; sourceTree = BUILT_PRODUCTS_DIR; };
		D628AE83944CDC07BC9BE4DA /* PIDDefinition.swift */ = {isa = PBXFileReference; lastKnownFileType = sourcecode.swift; path = PIDDefinition.swift; sourceTree = "<group>"; };
/* End PBXFileReference section */

/* Begin PBXFrameworksBuildPhase section */
		C0A3F3664A380C26E2D922E6 /* Frameworks */ = {
			isa = PBXFrameworksBuildPhase;
			buildActionMask = 2147483647;
			files = (
				C8B77D8F3CD363B90221DB20 /* CocoaMQTT in Frameworks */,
			);
			runOnlyForDeploymentPostprocessing = 0;
		};
/* End PBXFrameworksBuildPhase section */

/* Begin PBXGroup section */
		56452F9772786D9C715A7DD6 /* HavalOBD */ = {
			isa = PBXGroup;
			children = (
				3BE37259CB68FE851CE8B1F0 /* ContentView.swift */,
				172E39887EBFC9A9FC203472 /* HavalOBDApp.swift */,
				0592AF4ABBE74AD1E2211818 /* Info.plist */,
				849E6B8D40C3E49D41054C1B /* Models */,
				DCF3B88553C3391D3A9640C9 /* Services */,
			);
			path = HavalOBD;
			sourceTree = "<group>";
		};
		849E6B8D40C3E49D41054C1B /* Models */ = {
			isa = PBXGroup;
			children = (
				D628AE83944CDC07BC9BE4DA /* PIDDefinition.swift */,
			);
			path = Models;
			sourceTree = "<group>";
		};
		BBA7B77D724171F351507D72 = {
			isa = PBXGroup;
			children = (
				56452F9772786D9C715A7DD6 /* HavalOBD */,
				DB56BD27B80BBB6533CEF9B2 /* Products */,
			);
			sourceTree = "<group>";
		};
		DB56BD27B80BBB6533CEF9B2 /* Products */ = {
			isa = PBXGroup;
			children = (
				CB3800777EEEE04B22A58CEC /* HavalOBD.app */,
			);
			name = Products;
			sourceTree = "<group>";
		};
		DCF3B88553C3391D3A9640C9 /* Services */ = {
			isa = PBXGroup;
			children = (
				52A9923D70D2EE9AC17A5457 /* BluetoothManager.swift */,
				AA810DE57A758BD5354D56D8 /* BridgePublisher.swift */,
				580FD7A6488F5ED158F98911 /* ELM327.swift */,
				755440078FE4C82EDB00294B /* PIDRegistry.swift */,
			);
			path = Services;
			sourceTree = "<group>";
		};
/* End PBXGroup section */

/* Begin PBXNativeTarget section */
		FDA48E01DB6AAF8EFAB7823C /* HavalOBD */ = {
			isa = PBXNativeTarget;
			buildConfigurationList = FC1C1E58C387B6B498B46828 /* Build configuration list for PBXNativeTarget "HavalOBD" */;
			buildPhases = (
				CCF44FDD8CAD9CD5E15DFBFB /* Sources */,
				C0A3F3664A380C26E2D922E6 /* Frameworks */,
			);
			buildRules = (
			);
			dependencies = (
			);
			name = HavalOBD;
			packageProductDependencies = (
				89834CDCAEBBFF42B9C81FC0 /* CocoaMQTT */,
			);
			productName = HavalOBD;
			productReference = CB3800777EEEE04B22A58CEC /* HavalOBD.app */;
			productType = "com.apple.product-type.application";
		};
/* End PBXNativeTarget section */

/* Begin PBXProject section */
		48A2D0A10EC4E0ED7B4EC77D /* Project object */ = {
			isa = PBXProject;
			attributes = {
				BuildIndependentTargetsInParallel = YES;
				LastUpgradeCheck = 1430;
				TargetAttributes = {
					FDA48E01DB6AAF8EFAB7823C = {
						DevelopmentTeam = 7Y6MPKR5CD;
						ProvisioningStyle = Automatic;
					};
				};
			};
			buildConfigurationList = 495557EE3F8931BA700CC255 /* Build configuration list for PBXProject "HavalOBD" */;
			developmentRegion = en;
			hasScannedForEncodings = 0;
			knownRegions = (
				Base,
				en,
			);
			mainGroup = BBA7B77D724171F351507D72;
			minimizedProjectReferenceProxies = 1;
			packageReferences = (
				CAA57845A1A185FC1865E858 /* XCRemoteSwiftPackageReference "CocoaMQTT" */,
			);
			preferredProjectObjectVersion = 77;
			productRefGroup = DB56BD27B80BBB6533CEF9B2 /* Products */;
			projectDirPath = "";
			projectRoot = "";
			targets = (
				FDA48E01DB6AAF8EFAB7823C /* HavalOBD */,
			);
		};
/* End PBXProject section */

/* Begin PBXSourcesBuildPhase section */
		CCF44FDD8CAD9CD5E15DFBFB /* Sources */ = {
			isa = PBXSourcesBuildPhase;
			buildActionMask = 2147483647;
			files = (
				E28631C58B22771B6227884F /* BluetoothManager.swift in Sources */,
				38A9C602085EAA1B2760D743 /* BridgePublisher.swift in Sources */,
				3A60995969A90FAF7B7CC4DF /* ContentView.swift in Sources */,
				40B23DE768E969FD148A2B12 /* ELM327.swift in Sources */,
				7FCEA2E4B427D1BF30CD42E0 /* HavalOBDApp.swift in Sources */,
				C20EF54D46DFEFAE08452B42 /* PIDDefinition.swift in Sources */,
				336F4738680C9F37F0BAB80E /* PIDRegistry.swift in Sources */,
			);
			runOnlyForDeploymentPostprocessing = 0;
		};
/* End PBXSourcesBuildPhase section */

/* Begin XCBuildConfiguration section */
		48D610336E15E8BEE9889A31 /* Release */ = {
			isa = XCBuildConfiguration;
			buildSettings = {
				ALWAYS_SEARCH_USER_PATHS = NO;
				CLANG_ANALYZER_NONNULL = YES;
				CLANG_ANALYZER_NUMBER_OBJECT_CONVERSION = YES_AGGRESSIVE;
				CLANG_CXX_LANGUAGE_STANDARD = "gnu++14";
				CLANG_CXX_LIBRARY = "libc++";
				CLANG_ENABLE_MODULES = YES;
				CLANG_ENABLE_OBJC_ARC = YES;
				CLANG_ENABLE_OBJC_WEAK = YES;
				CLANG_WARN_BLOCK_CAPTURE_AUTORELEASING = YES;
				CLANG_WARN_BOOL_CONVERSION = YES;
				CLANG_WARN_COMMA = YES;
				CLANG_WARN_CONSTANT_CONVERSION = YES;
				CLANG_WARN_DEPRECATED_OBJC_IMPLEMENTATIONS = YES;
				CLANG_WARN_DIRECT_OBJC_ISA_USAGE = YES_ERROR;
				CLANG_WARN_DOCUMENTATION_COMMENTS = YES;
				CLANG_WARN_EMPTY_BODY = YES;
				CLANG_WARN_ENUM_CONVERSION = YES;
				CLANG_WARN_INFINITE_RECURSION = YES;
				CLANG_WARN_INT_CONVERSION = YES;
				CLANG_WARN_NON_LITERAL_NULL_CONVERSION = YES;
				CLANG_WARN_OBJC_IMPLICIT_RETAIN_SELF = YES;
				CLANG_WARN_OBJC_LITERAL_CONVERSION = YES;
				CLANG_WARN_OBJC_ROOT_CLASS = YES_ERROR;
				CLANG_WARN_QUOTED_INCLUDE_IN_FRAMEWORK_HEADER = YES;
				CLANG_WARN_RANGE_LOOP_ANALYSIS = YES;
				CLANG_WARN_STRICT_PROTOTYPES = YES;
				CLANG_WARN_SUSPICIOUS_MOVE = YES;
				CLANG_WARN_UNGUARDED_AVAILABILITY = YES_AGGRESSIVE;
				CLANG_WARN_UNREACHABLE_CODE = YES;
				CLANG_WARN__DUPLICATE_METHOD_MATCH = YES;
				CODE_SIGN_STYLE = Automatic;
				COPY_PHASE_STRIP = NO;
				CURRENT_PROJECT_VERSION = 1;
				DEBUG_INFORMATION_FORMAT = "dwarf-with-dsym";
				DEVELOPMENT_TEAM = 7Y6MPKR5CD;
				ENABLE_NS_ASSERTIONS = NO;
				ENABLE_STRICT_OBJC_MSGSEND = YES;
				GCC_C_LANGUAGE_STANDARD = gnu11;
				GCC_NO_COMMON_BLOCKS = YES;
				GCC_WARN_64_TO_32_BIT_CONVERSION = YES;
				GCC_WARN_ABOUT_RETURN_TYPE = YES_ERROR;
				GCC_WARN_UNDECLARED_SELECTOR = YES;
				GCC_WARN_UNINITIALIZED_AUTOS = YES_AGGRESSIVE;
				GCC_WARN_UNUSED_FUNCTION = YES;
				GCC_WARN_UNUSED_VARIABLE = YES;
				INFOPLIST_KEY_UIRequiresFullScreen = NO;
				IPHONEOS_DEPLOYMENT_TARGET = 17.0;
				MARKETING_VERSION = 1.0;
				MTL_ENABLE_DEBUG_INFO = NO;
				MTL_FAST_MATH = YES;
				PRODUCT_NAME = "$(TARGET_NAME)";
				SDKROOT = iphoneos;
				SWIFT_COMPILATION_MODE = wholemodule;
				SWIFT_OPTIMIZATION_LEVEL = "-O";
				SWIFT_VERSION = 5.10;
				TARGETED_DEVICE_FAMILY = "1,2";
			};
			name = Release;
		};
		4B697CF6F686D5F650180127 /* Debug */ = {
			isa = XCBuildConfiguration;
			buildSettings = {
				ALWAYS_SEARCH_USER_PATHS = NO;
				CLANG_ANALYZER_NONNULL = YES;
				CLANG_ANALYZER_NUMBER_OBJECT_CONVERSION = YES_AGGRESSIVE;
				CLANG_CXX_LANGUAGE_STANDARD = "gnu++14";
				CLANG_CXX_LIBRARY = "libc++";
				CLANG_ENABLE_MODULES = YES;
				CLANG_ENABLE_OBJC_ARC = YES;
				CLANG_ENABLE_OBJC_WEAK = YES;
				CLANG_WARN_BLOCK_CAPTURE_AUTORELEASING = YES;
				CLANG_WARN_BOOL_CONVERSION = YES;
				CLANG_WARN_COMMA = YES;
				CLANG_WARN_CONSTANT_CONVERSION = YES;
				CLANG_WARN_DEPRECATED_OBJC_IMPLEMENTATIONS = YES;
				CLANG_WARN_DIRECT_OBJC_ISA_USAGE = YES_ERROR;
				CLANG_WARN_DOCUMENTATION_COMMENTS = YES;
				CLANG_WARN_EMPTY_BODY = YES;
				CLANG_WARN_ENUM_CONVERSION = YES;
				CLANG_WARN_INFINITE_RECURSION = YES;
				CLANG_WARN_INT_CONVERSION = YES;
				CLANG_WARN_NON_LITERAL_NULL_CONVERSION = YES;
				CLANG_WARN_OBJC_IMPLICIT_RETAIN_SELF = YES;
				CLANG_WARN_OBJC_LITERAL_CONVERSION = YES;
				CLANG_WARN_OBJC_ROOT_CLASS = YES_ERROR;
				CLANG_WARN_QUOTED_INCLUDE_IN_FRAMEWORK_HEADER = YES;
				CLANG_WARN_RANGE_LOOP_ANALYSIS = YES;
				CLANG_WARN_STRICT_PROTOTYPES = YES;
				CLANG_WARN_SUSPICIOUS_MOVE = YES;
				CLANG_WARN_UNGUARDED_AVAILABILITY = YES_AGGRESSIVE;
				CLANG_WARN_UNREACHABLE_CODE = YES;
				CLANG_WARN__DUPLICATE_METHOD_MATCH = YES;
				CODE_SIGN_STYLE = Automatic;
				COPY_PHASE_STRIP = NO;
				CURRENT_PROJECT_VERSION = 1;
				DEBUG_INFORMATION_FORMAT = dwarf;
				DEVELOPMENT_TEAM = 7Y6MPKR5CD;
				ENABLE_STRICT_OBJC_MSGSEND = YES;
				ENABLE_TESTABILITY = YES;
				GCC_C_LANGUAGE_STANDARD = gnu11;
				GCC_DYNAMIC_NO_PIC = NO;
				GCC_NO_COMMON_BLOCKS = YES;
				GCC_OPTIMIZATION_LEVEL = 0;
				GCC_PREPROCESSOR_DEFINITIONS = (
					"$(inherited)",
					"DEBUG=1",
				);
				GCC_WARN_64_TO_32_BIT_CONVERSION = YES;
				GCC_WARN_ABOUT_RETURN_TYPE = YES_ERROR;
				GCC_WARN_UNDECLARED_SELECTOR = YES;
				GCC_WARN_UNINITIALIZED_AUTOS = YES_AGGRESSIVE;
				GCC_WARN_UNUSED_FUNCTION = YES;
				GCC_WARN_UNUSED_VARIABLE = YES;
				INFOPLIST_KEY_UIRequiresFullScreen = NO;
				IPHONEOS_DEPLOYMENT_TARGET = 17.0;
				MARKETING_VERSION = 1.0;
				MTL_ENABLE_DEBUG_INFO = INCLUDE_SOURCE;
				MTL_FAST_MATH = YES;
				ONLY_ACTIVE_ARCH = YES;
				PRODUCT_NAME = "$(TARGET_NAME)";
				SDKROOT = iphoneos;
				SWIFT_ACTIVE_COMPILATION_CONDITIONS = DEBUG;
				SWIFT_OPTIMIZATION_LEVEL = "-Onone";
				SWIFT_VERSION = 5.10;
				TARGETED_DEVICE_FAMILY = "1,2";
			};
			name = Debug;
		};
		7941E62A9226AB0D13F5E8FD /* Debug */ = {
			isa = XCBuildConfiguration;
			buildSettings = {
				ASSETCATALOG_COMPILER_APPICON_NAME = AppIcon;
				CODE_SIGN_IDENTITY = "iPhone Developer";
				ENABLE_PREVIEWS = YES;
				GENERATE_INFOPLIST_FILE = NO;
				INFOPLIST_FILE = HavalOBD/Info.plist;
				LD_RUNPATH_SEARCH_PATHS = (
					"$(inherited)",
					"@executable_path/Frameworks",
				);
				PRODUCT_BUNDLE_IDENTIFIER = br.com.consorciolimpagyn.havalobd;
				SDKROOT = iphoneos;
				TARGETED_DEVICE_FAMILY = "1,2";
			};
			name = Debug;
		};
		BB2662A9F7A08D4B8D26DD42 /* Release */ = {
			isa = XCBuildConfiguration;
			buildSettings = {
				ASSETCATALOG_COMPILER_APPICON_NAME = AppIcon;
				CODE_SIGN_IDENTITY = "iPhone Developer";
				ENABLE_PREVIEWS = YES;
				GENERATE_INFOPLIST_FILE = NO;
				INFOPLIST_FILE = HavalOBD/Info.plist;
				LD_RUNPATH_SEARCH_PATHS = (
					"$(inherited)",
					"@executable_path/Frameworks",
				);
				PRODUCT_BUNDLE_IDENTIFIER = br.com.consorciolimpagyn.havalobd;
				SDKROOT = iphoneos;
				TARGETED_DEVICE_FAMILY = "1,2";
			};
			name = Release;
		};
/* End XCBuildConfiguration section */

/* Begin XCConfigurationList section */
		495557EE3F8931BA700CC255 /* Build configuration list for PBXProject "HavalOBD" */ = {
			isa = XCConfigurationList;
			buildConfigurations = (
				4B697CF6F686D5F650180127 /* Debug */,
				48D610336E15E8BEE9889A31 /* Release */,
			);
			defaultConfigurationIsVisible = 0;
			defaultConfigurationName = Debug;
		};
		FC1C1E58C387B6B498B46828 /* Build configuration list for PBXNativeTarget "HavalOBD" */ = {
			isa = XCConfigurationList;
			buildConfigurations = (
				7941E62A9226AB0D13F5E8FD /* Debug */,
				BB2662A9F7A08D4B8D26DD42 /* Release */,
			);
			defaultConfigurationIsVisible = 0;
			defaultConfigurationName = Debug;
		};
/* End XCConfigurationList section */

/* Begin XCRemoteSwiftPackageReference section */
		CAA57845A1A185FC1865E858 /* XCRemoteSwiftPackageReference "CocoaMQTT" */ = {
			isa = XCRemoteSwiftPackageReference;
			repositoryURL = "https://github.com/emqx/CocoaMQTT";
			requirement = {
				kind = upToNextMajorVersion;
				minimumVersion = 2.1.0;
			};
		};
/* End XCRemoteSwiftPackageReference section */

/* Begin XCSwiftPackageProductDependency section */
		89834CDCAEBBFF42B9C81FC0 /* CocoaMQTT */ = {
			isa = XCSwiftPackageProductDependency;
			package = CAA57845A1A185FC1865E858 /* XCRemoteSwiftPackageReference "CocoaMQTT" */;
			productName = CocoaMQTT;
		};
/* End XCSwiftPackageProductDependency section */
	};
	rootObject = 48A2D0A10EC4E0ED7B4EC77D /* Project object */;
}
