// !$*UTF8*$!
{
	archiveVersion = 1;
	classes = {
	};
	objectVersion = 77;
	objects = {

/* Begin PBXBuildFile section */
		064E007225ADC0CDFC776198 /* AutomationsView.swift in Sources */ = {isa = PBXBuildFile; fileRef = 01AC1877140CC251292718C3 /* AutomationsView.swift */; };
		07FC719000D999AB80CF8C4C /* ControlSheets.swift in Sources */ = {isa = PBXBuildFile; fileRef = D7A442E88C358C98CE318DF9 /* ControlSheets.swift */; };
		08B039C04CAA4A37091C5D1D /* ShareStatusSheet.swift in Sources */ = {isa = PBXBuildFile; fileRef = B1529D67B256468DE1C71396 /* ShareStatusSheet.swift */; };
		0B72DB41F31EA159A9D71A14 /* SharedTripLiveActivity.swift in Sources */ = {isa = PBXBuildFile; fileRef = 91F382A2A80429A8E60FA263 /* SharedTripLiveActivity.swift */; };
		0BB7525EC9FA3BFAAE77FCB0 /* ConfigSheets.swift in Sources */ = {isa = PBXBuildFile; fileRef = 25AF744D0A813EC24608D127 /* ConfigSheets.swift */; };
		0C3838E769FD23A972E10B3E /* PreClimatActivityAttributes.swift in Sources */ = {isa = PBXBuildFile; fileRef = EBBB57D2D187DD310113F34A /* PreClimatActivityAttributes.swift */; };
		0CC661D339028F8AD4C5270B /* MaintenanceSheet.swift in Sources */ = {isa = PBXBuildFile; fileRef = 3D3807C873D02DC8F672F3CD /* MaintenanceSheet.swift */; };
		1505BBD9630C5E03C190C203 /* SongProActivityAttributes.swift in Sources */ = {isa = PBXBuildFile; fileRef = AF8BF0D6E8837DEC20056AB8 /* SongProActivityAttributes.swift */; };
		1680B02F6D37B65B3E2AC1F5 /* ParkGuardSheet.swift in Sources */ = {isa = PBXBuildFile; fileRef = FA80C20DB354205B277ADC19 /* ParkGuardSheet.swift */; };
		16E429E57E193AFF3942D11F /* BydRecargaApp.swift in Sources */ = {isa = PBXBuildFile; fileRef = ECAEED044A902791C1B43435 /* BydRecargaApp.swift */; };
		18E278B160F80938E45E8463 /* NativeConfigView.swift in Sources */ = {isa = PBXBuildFile; fileRef = D6CE9B63AE0A75344509696C /* NativeConfigView.swift */; };
		1A900DDEB8C0BB74EAD4A130 /* Settings.swift in Sources */ = {isa = PBXBuildFile; fileRef = E4593E338CE49445D2B4E37A /* Settings.swift */; };
		1BC63D4315A2BB6BFAE49F0E /* BydRecargaWidget.appex in Embed Foundation Extensions */ = {isa = PBXBuildFile; fileRef = 0275BC86719533522473C87B /* BydRecargaWidget.appex */; settings = {ATTRIBUTES = (RemoveHeadersOnCopy, ); }; };
		21AF7E0943D616FF926C18CE /* ViagensV2View.swift in Sources */ = {isa = PBXBuildFile; fileRef = 74CCDC7C537D3745BA939111 /* ViagensV2View.swift */; };
		2443C8293D379D17388749B0 /* CalendarPreclimat.swift in Sources */ = {isa = PBXBuildFile; fileRef = 61B11EA0C5430FE17543E5CB /* CalendarPreclimat.swift */; };
		2480E68526B78CFE04F2C37B /* TripActivityAttributes.swift in Sources */ = {isa = PBXBuildFile; fileRef = E612200FCE6AA9F646191052 /* TripActivityAttributes.swift */; };
		253A6649A6A5B25C6DEBB140 /* HavalEcoTripWidgetBundle.swift in Sources */ = {isa = PBXBuildFile; fileRef = 6F5328FAA367AE3DF93613BE /* HavalEcoTripWidgetBundle.swift */; };
		2BBB45182185499D3B954868 /* LANDiscovery.swift in Sources */ = {isa = PBXBuildFile; fileRef = DA22E658C7AE7CB3679725CF /* LANDiscovery.swift */; };
		2E5167D0ADF77FFAC397D835 /* ParkingActivityAttributes.swift in Sources */ = {isa = PBXBuildFile; fileRef = 233A69DF139C48429A427377 /* ParkingActivityAttributes.swift */; };
		3035A56BC80FCFEAD48831DB /* DepartureSharesSheet.swift in Sources */ = {isa = PBXBuildFile; fileRef = A5CB27509C982C7C90F5D774 /* DepartureSharesSheet.swift */; };
		30E7EF6F07C0F5426CFC7E3D /* ChargeAnalysisSheet.swift in Sources */ = {isa = PBXBuildFile; fileRef = FFF70A4F7CBB079E318E2289 /* ChargeAnalysisSheet.swift */; };
		31C4EEF5E7D54B74A2F8DCA1 /* SongProLiveActivity.swift in Sources */ = {isa = PBXBuildFile; fileRef = 8667439515FC27589EEEDBC9 /* SongProLiveActivity.swift */; };
		326CAF9CD3D64AD79469D6C5 /* Assets.xcassets in Resources */ = {isa = PBXBuildFile; fileRef = 0C916CB148E5590BB5EF8513 /* Assets.xcassets */; };
		358FAD5EC35FFE7883AA5F9F /* CockpitRoute.swift in Sources */ = {isa = PBXBuildFile; fileRef = 25A17F71A438747B21DAF8B6 /* CockpitRoute.swift */; };
		3980C2076408E94B4B512D5B /* PeriodFilter.swift in Sources */ = {isa = PBXBuildFile; fileRef = A1A74BCCDF1A1B7A5A4D1A2F /* PeriodFilter.swift */; };
		3B1E127339910428D3BC6CB3 /* InfraActivityAttributes.swift in Sources */ = {isa = PBXBuildFile; fileRef = 72A96429D1C213B7BC4490B3 /* InfraActivityAttributes.swift */; };
		3ED1321FB7B61D7ADDAA032F /* DesignSystem.swift in Sources */ = {isa = PBXBuildFile; fileRef = 7376EEA5C86B0C60FE3CE4E3 /* DesignSystem.swift */; };
		3F02C89011D88C610B91C20C /* SharedTripActivityAttributes.swift in Sources */ = {isa = PBXBuildFile; fileRef = FEFBCE42F4C0655FC9E8CAFE /* SharedTripActivityAttributes.swift */; };
		3F3BD6924FA83F04DB29CF0B /* CarHeroView.swift in Sources */ = {isa = PBXBuildFile; fileRef = BA1A634027D62C075536F879 /* CarHeroView.swift */; };
		40FD4BDFC584EDCEDD3A24E6 /* ModeEconomySheet.swift in Sources */ = {isa = PBXBuildFile; fileRef = 00A892D7A0CA83BABF2920BE /* ModeEconomySheet.swift */; };
		42169A88F8E36FD03EA47301 /* ConfigStore.swift in Sources */ = {isa = PBXBuildFile; fileRef = AD7173E45A0E0AAFE9AD301F /* ConfigStore.swift */; };
		447016E58ECF062223D41618 /* TripActivityAttributes.swift in Sources */ = {isa = PBXBuildFile; fileRef = E612200FCE6AA9F646191052 /* TripActivityAttributes.swift */; };
		4AC88532EF1E06F2F60CAF5F /* PhoneLocationReporter.swift in Sources */ = {isa = PBXBuildFile; fileRef = 34DDF3B14C6A69EC6D8F3A6F /* PhoneLocationReporter.swift */; };
		4C94F890D15203640F57B31D /* LiveActivityPush.swift in Sources */ = {isa = PBXBuildFile; fileRef = 19F1EE1E1159233D66EEAFA8 /* LiveActivityPush.swift */; };
		4EB218A639630413D48F777D /* LogsSheet.swift in Sources */ = {isa = PBXBuildFile; fileRef = C25344C215F40EDE5B072CEF /* LogsSheet.swift */; };
		511C70BEFA5F8976F57FA39B /* CompanionInboundActivityAttributes.swift in Sources */ = {isa = PBXBuildFile; fileRef = 6454F8C53F20E0ADD009D5D1 /* CompanionInboundActivityAttributes.swift */; };
		51B5F9B9255D183BDCDE0CC7 /* RemoteNotifications.swift in Sources */ = {isa = PBXBuildFile; fileRef = 0AFED4CCA277E184649006B9 /* RemoteNotifications.swift */; };
		5258D112C16CFD21020F41B2 /* Settings.swift in Sources */ = {isa = PBXBuildFile; fileRef = E4593E338CE49445D2B4E37A /* Settings.swift */; };
		529402576F2CD0374EFC7172 /* SharedTripActivityAttributes.swift in Sources */ = {isa = PBXBuildFile; fileRef = FEFBCE42F4C0655FC9E8CAFE /* SharedTripActivityAttributes.swift */; };
		54C6AF9B49E5FD2C86044A58 /* ControlsWidget.swift in Sources */ = {isa = PBXBuildFile; fileRef = 547E045E2B2DA8F7E8B45F40 /* ControlsWidget.swift */; };
		56DB4B366860CA6AC5500786 /* NativeInsightsView.swift in Sources */ = {isa = PBXBuildFile; fileRef = 07A4D05D4468B1E0F2E83B3A /* NativeInsightsView.swift */; };
		5CF964F8F567C8A30A20996D /* SecurityActivityAttributes.swift in Sources */ = {isa = PBXBuildFile; fileRef = D15756C1CEF1EFDD6804C05D /* SecurityActivityAttributes.swift */; };
		5E3E822BD69F7F11ED12B2D6 /* PwaWebView.swift in Sources */ = {isa = PBXBuildFile; fileRef = B41BC4A6A889A1B5BBFCF7C6 /* PwaWebView.swift */; };
		605ED8EEC91528FFBC054A48 /* CarActions.swift in Sources */ = {isa = PBXBuildFile; fileRef = C88C20EF0FDB1AB8EB036191 /* CarActions.swift */; };
		6223380A259556C149F9E067 /* Assets.xcassets in Resources */ = {isa = PBXBuildFile; fileRef = EEEFCC8135B0627DFDB60013 /* Assets.xcassets */; };
		62435AEEC1C0E57CFBB27ABE /* NativeViagensView.swift in Sources */ = {isa = PBXBuildFile; fileRef = 638ACE606ED94D317501DB0E /* NativeViagensView.swift */; };
		628BD86A75E22A5913BB943D /* BydMiniMap.swift in Sources */ = {isa = PBXBuildFile; fileRef = B8C3D7D3EC9E5F913CE28355 /* BydMiniMap.swift */; };
		659B7DF18D1CC3CBBC1615F3 /* ChargeActivityLiveActivity.swift in Sources */ = {isa = PBXBuildFile; fileRef = B6A433A5AA48336FD73F1C85 /* ChargeActivityLiveActivity.swift */; };
		6601E0AF99CFBF6068D0180D /* NativeDashView.swift in Sources */ = {isa = PBXBuildFile; fileRef = 0412CD48BFB11B79D8D550D4 /* NativeDashView.swift */; };
		68110724BB249D794F3FE32F /* ShareViewController.swift in Sources */ = {isa = PBXBuildFile; fileRef = D2E5847D4B630A807A07557A /* ShareViewController.swift */; };
		690E367FBE312093F345FB81 /* CompanionInboundLiveActivity.swift in Sources */ = {isa = PBXBuildFile; fileRef = 95282CA58B3AEAAE8DFF2DA9 /* CompanionInboundLiveActivity.swift */; };
		694901AB2FD60B4D5A1322DA /* NativeRecargasView.swift in Sources */ = {isa = PBXBuildFile; fileRef = FB5145A32C36D0D8E2E36E83 /* NativeRecargasView.swift */; };
		69810CED4FDBA62F03D70503 /* InfraActivityAttributes.swift in Sources */ = {isa = PBXBuildFile; fileRef = 72A96429D1C213B7BC4490B3 /* InfraActivityAttributes.swift */; };
		6AC2ED6F20F98D935A953C0A /* CarAudioSession.swift in Sources */ = {isa = PBXBuildFile; fileRef = B8AFBB5C9B38702398F58246 /* CarAudioSession.swift */; };
		6B1479E8CF6EDE745584DB42 /* LockWidgets.swift in Sources */ = {isa = PBXBuildFile; fileRef = C7C8F9D484392C67E49E3E78 /* LockWidgets.swift */; };
		6B3EDE545B2502D265805216 /* OfflineSync.swift in Sources */ = {isa = PBXBuildFile; fileRef = 2EBD85F9B7D028E3D520ED77 /* OfflineSync.swift */; };
		6C1FE4315EFC5408CBF98788 /* NotificationsCenterSheet.swift in Sources */ = {isa = PBXBuildFile; fileRef = C7817E2396F9C3176DF2954E /* NotificationsCenterSheet.swift */; };
		6D2D2B81A43BB7E8D26EE81F /* SongProActivityAttributes.swift in Sources */ = {isa = PBXBuildFile; fileRef = AF8BF0D6E8837DEC20056AB8 /* SongProActivityAttributes.swift */; };
		73D67C49913D49F094F16FCA /* SharedTripActivityAttributes.swift in Sources */ = {isa = PBXBuildFile; fileRef = FEFBCE42F4C0655FC9E8CAFE /* SharedTripActivityAttributes.swift */; };
		75C8BDB4E564295F9914305A /* EscutaSheetV2.swift in Sources */ = {isa = PBXBuildFile; fileRef = BE979130639CFA45EF877A5B /* EscutaSheetV2.swift */; };
		77472ED6F598E53605506B96 /* ChargeActivityAttributes.swift in Sources */ = {isa = PBXBuildFile; fileRef = C110A5E3EADD0B1D4DA52BE6 /* ChargeActivityAttributes.swift */; };
		77EF0F880D1B98744B21C2C5 /* CarIntents.swift in Sources */ = {isa = PBXBuildFile; fileRef = CD754B29F48E190AD2D8648F /* CarIntents.swift */; };
		783721D1E37916F23F2149D8 /* BydSettings.swift in Sources */ = {isa = PBXBuildFile; fileRef = E810689502D9D028774D6792 /* BydSettings.swift */; };
		7BBCE6E8C624F3678342BC83 /* GravacoesV2View.swift in Sources */ = {isa = PBXBuildFile; fileRef = FBB9FEC86DC9FAEDAE722250 /* GravacoesV2View.swift */; };
		7DCDE6AF8C143F57C59F7D86 /* SpeedFenceSheet.swift in Sources */ = {isa = PBXBuildFile; fileRef = 5A0BF2317E99D3BCDB34E075 /* SpeedFenceSheet.swift */; };
		80639C1E100AEBE69241F7D6 /* CompanionInboundLiveActivity.swift in Sources */ = {isa = PBXBuildFile; fileRef = 95282CA58B3AEAAE8DFF2DA9 /* CompanionInboundLiveActivity.swift */; };
		81DAF8B879E1CA36A1065283 /* BridgeRouter.swift in Sources */ = {isa = PBXBuildFile; fileRef = C35B5104764484B81BD593A3 /* BridgeRouter.swift */; };
		832349E92040F2B54EA3E451 /* InsightsSheet.swift in Sources */ = {isa = PBXBuildFile; fileRef = B70CD6CCACB7545098A80F39 /* InsightsSheet.swift */; };
		839C342E1B743B40E985A9D8 /* HealthScoreSheet.swift in Sources */ = {isa = PBXBuildFile; fileRef = 232F301A30B4B1A8B1CBC296 /* HealthScoreSheet.swift */; };
		84431B7359D2FE09EF72F5A6 /* AssistantSheet.swift in Sources */ = {isa = PBXBuildFile; fileRef = EC2381C3274023AC8A791D43 /* AssistantSheet.swift */; };
		87640D1FE3604A94892D6723 /* ContentView.swift in Sources */ = {isa = PBXBuildFile; fileRef = 36AA01E4F54D0727EF341F49 /* ContentView.swift */; };
		890C4EF57B8481A40315E318 /* DriveV2View.swift in Sources */ = {isa = PBXBuildFile; fileRef = 15D0526E47FDE3C7D574D54E /* DriveV2View.swift */; };
		89B5CF62DAD11B34026CB4C5 /* HavalEcoTripWidget.appex in Embed Foundation Extensions */ = {isa = PBXBuildFile; fileRef = 192BA3BE182AC3D50F636DA9 /* HavalEcoTripWidget.appex */; settings = {ATTRIBUTES = (RemoveHeadersOnCopy, ); }; };
		8AA2237FA9553F2DE2C30930 /* ParkingLiveActivity.swift in Sources */ = {isa = PBXBuildFile; fileRef = E76F4714F0868BF20EA9A22F /* ParkingLiveActivity.swift */; };
		8B1DEE4FCD8F3304A07A33C9 /* MotorActivityAttributes.swift in Sources */ = {isa = PBXBuildFile; fileRef = 636438201B328EA34B285F3A /* MotorActivityAttributes.swift */; };
		8B73DFD0957C51F2398BED33 /* NativeDriveView.swift in Sources */ = {isa = PBXBuildFile; fileRef = C0D6E362CB348E539FA519CC /* NativeDriveView.swift */; };
		8C38A751217FF17B7A5F5691 /* BydChargeWidget.swift in Sources */ = {isa = PBXBuildFile; fileRef = 84E0CFB1FD73D4EBEF6720A1 /* BydChargeWidget.swift */; };
		8C3FA5DCF7133607EC275A89 /* TripLiveActivity.swift in Sources */ = {isa = PBXBuildFile; fileRef = 6B0EC768E77CEDD141861D39 /* TripLiveActivity.swift */; };
		907217011438996B6B234CBE /* DriveSheetsV2.swift in Sources */ = {isa = PBXBuildFile; fileRef = 76A9EF7A30ED513EAB44FB7C /* DriveSheetsV2.swift */; };
		918327725401C391E14F531E /* BydDesignSystem.swift in Sources */ = {isa = PBXBuildFile; fileRef = 93B4FFFA330691BE792A6CD2 /* BydDesignSystem.swift */; };
		91E8922CD20B94185D7454A2 /* BydLiveActivityPush.swift in Sources */ = {isa = PBXBuildFile; fileRef = 60050A5D1678A9235BEB0730 /* BydLiveActivityPush.swift */; };
		920A0533D20932EF36FC4D49 /* ChargeActivityAttributes.swift in Sources */ = {isa = PBXBuildFile; fileRef = C110A5E3EADD0B1D4DA52BE6 /* ChargeActivityAttributes.swift */; };
		948F17F08B6F8F6F985727A4 /* LiveRouteBanner.swift in Sources */ = {isa = PBXBuildFile; fileRef = 1D8DD420046BFFF1A114B6B5 /* LiveRouteBanner.swift */; };
		94B42F625FD0B0D01D25E4D7 /* PreclimaV2View.swift in Sources */ = {isa = PBXBuildFile; fileRef = 11400D718E9CC0F694031328 /* PreclimaV2View.swift */; };
		96755F980B03F6B827D28AC0 /* AuthConfig.swift in Sources */ = {isa = PBXBuildFile; fileRef = A799F69A43F78E263048C8F4 /* AuthConfig.swift */; };
		9726912E15C4196ACF166260 /* MaintenanceStore.swift in Sources */ = {isa = PBXBuildFile; fileRef = 8036EB500E09B8F08A9EA755 /* MaintenanceStore.swift */; };
		97D85BD3A8D8D549ABD6A944 /* ActivityManager.swift in Sources */ = {isa = PBXBuildFile; fileRef = D9926C58E001CD8511E829FB /* ActivityManager.swift */; };
		985C98EC482371EDBE14B4E2 /* SecurityActivityAttributes.swift in Sources */ = {isa = PBXBuildFile; fileRef = D15756C1CEF1EFDD6804C05D /* SecurityActivityAttributes.swift */; };
		98A61174D1B1F41AC4E60640 /* LAActionButton.swift in Sources */ = {isa = PBXBuildFile; fileRef = 30F76E0D9822CBB897499A4D /* LAActionButton.swift */; };
		9CC60221177D73FA6ED4E7F8 /* SecurityLiveActivity.swift in Sources */ = {isa = PBXBuildFile; fileRef = DFE9C8DD63C6163B5AF174C8 /* SecurityLiveActivity.swift */; };
		9D8A593457802718AE4EA0C2 /* ConfigV2View.swift in Sources */ = {isa = PBXBuildFile; fileRef = E25E4CB35E07E12C3CBD67E4 /* ConfigV2View.swift */; };
		9E9A8069F0811E01F0967B3B /* MicTestSheet.swift in Sources */ = {isa = PBXBuildFile; fileRef = 80A945217321F91BDD85E6F3 /* MicTestSheet.swift */; };
		A01430293347A18D099263AF /* PreclimatSheet.swift in Sources */ = {isa = PBXBuildFile; fileRef = 6215EB2F3EA8C80FA49D1477 /* PreclimatSheet.swift */; };
		A059FEDAB126C345DAAD9802 /* PreClimatLiveActivity.swift in Sources */ = {isa = PBXBuildFile; fileRef = 915E7661920B0022793D3A63 /* PreClimatLiveActivity.swift */; };
		A247949E84D69629C62E27D7 /* CompanionInboundActivityAttributes.swift in Sources */ = {isa = PBXBuildFile; fileRef = 6454F8C53F20E0ADD009D5D1 /* CompanionInboundActivityAttributes.swift */; };
		A31C821E6C6C0ECBC212E1B0 /* DashV2View.swift in Sources */ = {isa = PBXBuildFile; fileRef = 40F897CF12D9D798464B3337 /* DashV2View.swift */; };
		A3622611C72B3B511BA5015D /* CarIntents.swift in Sources */ = {isa = PBXBuildFile; fileRef = CD754B29F48E190AD2D8648F /* CarIntents.swift */; };
		A3A6AF98888B41E747C0D262 /* BatteryHealthSheet.swift in Sources */ = {isa = PBXBuildFile; fileRef = EE7C90F87D39219D3F202F0E /* BatteryHealthSheet.swift */; };
		A7702B4C541BF386DC61A751 /* DestinationsCostSheet.swift in Sources */ = {isa = PBXBuildFile; fileRef = 1BC76CD875BA1A36A4E1E089 /* DestinationsCostSheet.swift */; };
		AACDCF32BF0A0A36A4A2F84F /* HavalEcoTripApp.swift in Sources */ = {isa = PBXBuildFile; fileRef = B5A372CA99C89C5712EE54BC /* HavalEcoTripApp.swift */; };
		AB54B999C13215025CD95776 /* EcoScoreSheet.swift in Sources */ = {isa = PBXBuildFile; fileRef = F5B823C235ED2AB25740FEEA /* EcoScoreSheet.swift */; };
		AB83E9252E2D2EA3B5AAAC0A /* MotorActivityAttributes.swift in Sources */ = {isa = PBXBuildFile; fileRef = 636438201B328EA34B285F3A /* MotorActivityAttributes.swift */; };
		ABF9F470EA6B41F8BC23D16E /* InfraLiveActivity.swift in Sources */ = {isa = PBXBuildFile; fileRef = 0436DB31F705209C4895283B /* InfraLiveActivity.swift */; };
		AE6DF0BA2B76E13159F83FE3 /* BackgroundRefresh.swift in Sources */ = {isa = PBXBuildFile; fileRef = 2F97B54C85FEC5A112CB0C9E /* BackgroundRefresh.swift */; };
		B25D2B9EB0665CADC0BFB9E8 /* RecordingsView.swift in Sources */ = {isa = PBXBuildFile; fileRef = 44155F27E876BF6FC49BEC89 /* RecordingsView.swift */; };
		B81E30EC9F98C5B71D4E12E8 /* Assets.xcassets in Resources */ = {isa = PBXBuildFile; fileRef = 940E4AE86B859186BAE647F3 /* Assets.xcassets */; };
		B96C51890F002FCEC37EB6B2 /* MonthlyReportSheet.swift in Sources */ = {isa = PBXBuildFile; fileRef = 0BBB9A0DE1F041DBBD0BFD00 /* MonthlyReportSheet.swift */; };
		BA44D6E648CAA30EFD8C11AF /* ArrivalSheet.swift in Sources */ = {isa = PBXBuildFile; fileRef = 59969E598BACA40911CD6232 /* ArrivalSheet.swift */; };
		BA989F1F5994F2921A13B3D3 /* ShortcutManager.swift in Sources */ = {isa = PBXBuildFile; fileRef = 33D5F8203565F8E20D91E100 /* ShortcutManager.swift */; };
		BBDA07ABAFDD14A11CEAC022 /* ChargeForecastSheet.swift in Sources */ = {isa = PBXBuildFile; fileRef = D2C8DF4BFA59CDFFCB7CAABF /* ChargeForecastSheet.swift */; };
		BD7C6AB06DD0FA3DFCB15EBD /* BydRecargaWidgetBundle.swift in Sources */ = {isa = PBXBuildFile; fileRef = DD1B9E17C1177A48B806D3B9 /* BydRecargaWidgetBundle.swift */; };
		C1AB7CACAF2F5707D93C8B2C /* ParkingActivityAttributes.swift in Sources */ = {isa = PBXBuildFile; fileRef = 233A69DF139C48429A427377 /* ParkingActivityAttributes.swift */; };
		C25004AC6E9825F287951DC4 /* MotorLiveActivity.swift in Sources */ = {isa = PBXBuildFile; fileRef = 2A0F1250A4346D17F0539FE8 /* MotorLiveActivity.swift */; };
		C2CBD6E85350C31D1C529BE8 /* RouteCompareSheet.swift in Sources */ = {isa = PBXBuildFile; fileRef = B1F322C191BA5762BDB4C8C4 /* RouteCompareSheet.swift */; };
		C41F6D9BF236FAA2E0C9F8FE /* DriveScoreDetailSheet.swift in Sources */ = {isa = PBXBuildFile; fileRef = A08F555DFDD330D4992422B5 /* DriveScoreDetailSheet.swift */; };
		C53454204CA59200E9360FF8 /* SongProTripLiveActivity.swift in Sources */ = {isa = PBXBuildFile; fileRef = 4982EFADD98ECBA5A75504CD /* SongProTripLiveActivity.swift */; };
		CF45F1EDFEE591233BE1F24E /* RecargasV2View.swift in Sources */ = {isa = PBXBuildFile; fileRef = E98E48557C0D1C195F52D06D /* RecargasV2View.swift */; };
		CFA18AF48CB7CF8DF7C40EC3 /* BatteryWidget.swift in Sources */ = {isa = PBXBuildFile; fileRef = F6B65FA59825E09151BBC7C3 /* BatteryWidget.swift */; };
		D09B9FDE499BEDF1D32157CF /* CarStatusInfoView.swift in Sources */ = {isa = PBXBuildFile; fileRef = 8E2D54361AF23B5E75EF04B7 /* CarStatusInfoView.swift */; };
		D2B7262D32955CCCE4EE48F7 /* PreclimatContextStore.swift in Sources */ = {isa = PBXBuildFile; fileRef = 290EB87DC1EC5670D4F65A0E /* PreclimatContextStore.swift */; };
		D4EC9B88AD285F862CE45A32 /* SavingsSheet.swift in Sources */ = {isa = PBXBuildFile; fileRef = 1D49A69E4850202A417ACB89 /* SavingsSheet.swift */; };
		D6B7CC3FAD98C1CC134911FE /* AuthManager.swift in Sources */ = {isa = PBXBuildFile; fileRef = EBC80D42C32C99C47E1B7222 /* AuthManager.swift */; };
		D9E640CC25ED1D302FCE3773 /* BydPhoneLocation.swift in Sources */ = {isa = PBXBuildFile; fileRef = 1856321B97D59F9EFBA114E7 /* BydPhoneLocation.swift */; };
		DAFD168AE90C50CE05BA20A8 /* PreClimatActivityAttributes.swift in Sources */ = {isa = PBXBuildFile; fileRef = EBBB57D2D187DD310113F34A /* PreClimatActivityAttributes.swift */; };
		DBD69D16CA773604913A1330 /* Settings.swift in Sources */ = {isa = PBXBuildFile; fileRef = E4593E338CE49445D2B4E37A /* Settings.swift */; };
		DD310F1F60647C63E517FD7F /* MilestonesSheet.swift in Sources */ = {isa = PBXBuildFile; fileRef = 4FB73D94989A66F5854A3DDE /* MilestonesSheet.swift */; };
		DE39B1C98DBD4A0B7B3D515F /* AuthConfig.swift in Sources */ = {isa = PBXBuildFile; fileRef = A799F69A43F78E263048C8F4 /* AuthConfig.swift */; };
		DFCCD6179A36858D2D824148 /* ParkingStore.swift in Sources */ = {isa = PBXBuildFile; fileRef = 31A72286F2044C2FB45A957A /* ParkingStore.swift */; };
		E0198BA31627A073FDF1B896 /* SongProTripActivityAttributes.swift in Sources */ = {isa = PBXBuildFile; fileRef = 7DBCF10DECA75C406A67E56B /* SongProTripActivityAttributes.swift */; };
		E33D5E05A2258BAED6BFBF7A /* ParkingSheet.swift in Sources */ = {isa = PBXBuildFile; fileRef = 98AAF0B9FB74534380E99D24 /* ParkingSheet.swift */; };
		E33E3495749BD15F6586204D /* LATheme.swift in Sources */ = {isa = PBXBuildFile; fileRef = B39E9CAF8843B5BC8C6A6DA1 /* LATheme.swift */; };
		E43E5551EEE28BC0621FA123 /* ContentView.swift in Sources */ = {isa = PBXBuildFile; fileRef = 492762BFD473DC0FD6D89688 /* ContentView.swift */; };
		E4DBC8604FEF4AF3E5F39336 /* CarStore.swift in Sources */ = {isa = PBXBuildFile; fileRef = C68353FA3433CBE88BFA4347 /* CarStore.swift */; };
		E7A22E919521A94E9004D8F2 /* LivePreview.swift in Sources */ = {isa = PBXBuildFile; fileRef = 4A804763C29A6FBD8871C5A7 /* LivePreview.swift */; };
		EA761C0E941E7F8949B72336 /* CompanionInboundActivityAttributes.swift in Sources */ = {isa = PBXBuildFile; fileRef = 6454F8C53F20E0ADD009D5D1 /* CompanionInboundActivityAttributes.swift */; };
		EB170A75BD1ABB3462C6AF9E /* BiometricGate.swift in Sources */ = {isa = PBXBuildFile; fileRef = E5C3783F4045873A9A1C2F85 /* BiometricGate.swift */; };
		F301DF9029E3A438CA7D1C21 /* MapPickerSheet.swift in Sources */ = {isa = PBXBuildFile; fileRef = 800D1CEE2F1C2A49E6DF5F72 /* MapPickerSheet.swift */; };
		F379D806BE7FED032C296716 /* LeaveBySheet.swift in Sources */ = {isa = PBXBuildFile; fileRef = 5B6819E27B57380D580AC0FF /* LeaveBySheet.swift */; };
		F84F3B84B0CC0D78ACA5E89B /* TempConsumptionSheet.swift in Sources */ = {isa = PBXBuildFile; fileRef = 099944E7CC1BCBFE6E3A0B09 /* TempConsumptionSheet.swift */; };
		FDC069910888466ECD2333EB /* EventsTimelineSheet.swift in Sources */ = {isa = PBXBuildFile; fileRef = E2D72D050A09B86061C6E0C4 /* EventsTimelineSheet.swift */; };
		FDEC45312DD59C7E8AA8B7C2 /* SharedTripLiveActivity.swift in Sources */ = {isa = PBXBuildFile; fileRef = 91F382A2A80429A8E60FA263 /* SharedTripLiveActivity.swift */; };
		FE7B902A4E0C408709E7B8AD /* SongProTripActivityAttributes.swift in Sources */ = {isa = PBXBuildFile; fileRef = 7DBCF10DECA75C406A67E56B /* SongProTripActivityAttributes.swift */; };
/* End PBXBuildFile section */

/* Begin PBXContainerItemProxy section */
		36D4CECE0DC9E35FE8F7CC08 /* PBXContainerItemProxy */ = {
			isa = PBXContainerItemProxy;
			containerPortal = CB4F87A590F61F207CFCDD6A /* Project object */;
			proxyType = 1;
			remoteGlobalIDString = 7C6F91A3D976662D4231F695;
			remoteInfo = HavalEcoTripWidget;
		};
		FBC92699CDE4026C5046490F /* PBXContainerItemProxy */ = {
			isa = PBXContainerItemProxy;
			containerPortal = CB4F87A590F61F207CFCDD6A /* Project object */;
			proxyType = 1;
			remoteGlobalIDString = BBC06950EA1E47A8982A0457;
			remoteInfo = BydRecargaWidget;
		};
/* End PBXContainerItemProxy section */

/* Begin PBXCopyFilesBuildPhase section */
		0D7894168FF60091841DF6FF /* Embed Foundation Extensions */ = {
			isa = PBXCopyFilesBuildPhase;
			buildActionMask = 2147483647;
			dstPath = "";
			dstSubfolderSpec = 13;
			files = (
				1BC63D4315A2BB6BFAE49F0E /* BydRecargaWidget.appex in Embed Foundation Extensions */,
			);
			name = "Embed Foundation Extensions";
			runOnlyForDeploymentPostprocessing = 0;
		};
		DCCDFE484E2CC324AC0D8146 /* Embed Foundation Extensions */ = {
			isa = PBXCopyFilesBuildPhase;
			buildActionMask = 2147483647;
			dstPath = "";
			dstSubfolderSpec = 13;
			files = (
				89B5CF62DAD11B34026CB4C5 /* HavalEcoTripWidget.appex in Embed Foundation Extensions */,
			);
			name = "Embed Foundation Extensions";
			runOnlyForDeploymentPostprocessing = 0;
		};
/* End PBXCopyFilesBuildPhase section */

/* Begin PBXFileReference section */
		00A892D7A0CA83BABF2920BE /* ModeEconomySheet.swift */ = {isa = PBXFileReference; lastKnownFileType = sourcecode.swift; path = ModeEconomySheet.swift; sourceTree = "<group>"; };
		01AC1877140CC251292718C3 /* AutomationsView.swift */ = {isa = PBXFileReference; lastKnownFileType = sourcecode.swift; path = AutomationsView.swift; sourceTree = "<group>"; };
		0275BC86719533522473C87B /* BydRecargaWidget.appex */ = {isa = PBXFileReference; includeInIndex = 0; lastKnownFileType = "wrapper.app-extension"; path = BydRecargaWidget.appex; sourceTree = BUILT_PRODUCTS_DIR; };
		0412CD48BFB11B79D8D550D4 /* NativeDashView.swift */ = {isa = PBXFileReference; lastKnownFileType = sourcecode.swift; path = NativeDashView.swift; sourceTree = "<group>"; };
		0436DB31F705209C4895283B /* InfraLiveActivity.swift */ = {isa = PBXFileReference; lastKnownFileType = sourcecode.swift; path = InfraLiveActivity.swift; sourceTree = "<group>"; };
		07A4D05D4468B1E0F2E83B3A /* NativeInsightsView.swift */ = {isa = PBXFileReference; lastKnownFileType = sourcecode.swift; path = NativeInsightsView.swift; sourceTree = "<group>"; };
		099944E7CC1BCBFE6E3A0B09 /* TempConsumptionSheet.swift */ = {isa = PBXFileReference; lastKnownFileType = sourcecode.swift; path = TempConsumptionSheet.swift; sourceTree = "<group>"; };
		0AFED4CCA277E184649006B9 /* RemoteNotifications.swift */ = {isa = PBXFileReference; lastKnownFileType = sourcecode.swift; path = RemoteNotifications.swift; sourceTree = "<group>"; };
		0BBB9A0DE1F041DBBD0BFD00 /* MonthlyReportSheet.swift */ = {isa = PBXFileReference; lastKnownFileType = sourcecode.swift; path = MonthlyReportSheet.swift; sourceTree = "<group>"; };
		0C916CB148E5590BB5EF8513 /* Assets.xcassets */ = {isa = PBXFileReference; lastKnownFileType = folder.assetcatalog; path = Assets.xcassets; sourceTree = "<group>"; };
		11400D718E9CC0F694031328 /* PreclimaV2View.swift */ = {isa = PBXFileReference; lastKnownFileType = sourcecode.swift; path = PreclimaV2View.swift; sourceTree = "<group>"; };
		15D0526E47FDE3C7D574D54E /* DriveV2View.swift */ = {isa = PBXFileReference; lastKnownFileType = sourcecode.swift; path = DriveV2View.swift; sourceTree = "<group>"; };
		1856321B97D59F9EFBA114E7 /* BydPhoneLocation.swift */ = {isa = PBXFileReference; lastKnownFileType = sourcecode.swift; path = BydPhoneLocation.swift; sourceTree = "<group>"; };
		192BA3BE182AC3D50F636DA9 /* HavalEcoTripWidget.appex */ = {isa = PBXFileReference; includeInIndex = 0; lastKnownFileType = "wrapper.app-extension"; path = HavalEcoTripWidget.appex; sourceTree = BUILT_PRODUCTS_DIR; };
		19F1EE1E1159233D66EEAFA8 /* LiveActivityPush.swift */ = {isa = PBXFileReference; lastKnownFileType = sourcecode.swift; path = LiveActivityPush.swift; sourceTree = "<group>"; };
		1BC76CD875BA1A36A4E1E089 /* DestinationsCostSheet.swift */ = {isa = PBXFileReference; lastKnownFileType = sourcecode.swift; path = DestinationsCostSheet.swift; sourceTree = "<group>"; };
		1C2F4161732FE79AB2415337 /* Info.plist */ = {isa = PBXFileReference; lastKnownFileType = text.plist; path = Info.plist; sourceTree = "<group>"; };
		1D49A69E4850202A417ACB89 /* SavingsSheet.swift */ = {isa = PBXFileReference; lastKnownFileType = sourcecode.swift; path = SavingsSheet.swift; sourceTree = "<group>"; };
		1D8DD420046BFFF1A114B6B5 /* LiveRouteBanner.swift */ = {isa = PBXFileReference; lastKnownFileType = sourcecode.swift; path = LiveRouteBanner.swift; sourceTree = "<group>"; };
		1E3DCC65EEE32FFFC3727847 /* Info.plist */ = {isa = PBXFileReference; lastKnownFileType = text.plist; path = Info.plist; sourceTree = "<group>"; };
		232F301A30B4B1A8B1CBC296 /* HealthScoreSheet.swift */ = {isa = PBXFileReference; lastKnownFileType = sourcecode.swift; path = HealthScoreSheet.swift; sourceTree = "<group>"; };
		233A69DF139C48429A427377 /* ParkingActivityAttributes.swift */ = {isa = PBXFileReference; lastKnownFileType = sourcecode.swift; path = ParkingActivityAttributes.swift; sourceTree = "<group>"; };
		25A17F71A438747B21DAF8B6 /* CockpitRoute.swift */ = {isa = PBXFileReference; lastKnownFileType = sourcecode.swift; path = CockpitRoute.swift; sourceTree = "<group>"; };
		25AF744D0A813EC24608D127 /* ConfigSheets.swift */ = {isa = PBXFileReference; lastKnownFileType = sourcecode.swift; path = ConfigSheets.swift; sourceTree = "<group>"; };
		26B936D2B31C5DE61815546A /* HavalEcoTrip-dev.entitlements */ = {isa = PBXFileReference; lastKnownFileType = text.plist.entitlements; path = "HavalEcoTrip-dev.entitlements"; sourceTree = "<group>"; };
		290EB87DC1EC5670D4F65A0E /* PreclimatContextStore.swift */ = {isa = PBXFileReference; lastKnownFileType = sourcecode.swift; path = PreclimatContextStore.swift; sourceTree = "<group>"; };
		2A0F1250A4346D17F0539FE8 /* MotorLiveActivity.swift */ = {isa = PBXFileReference; lastKnownFileType = sourcecode.swift; path = MotorLiveActivity.swift; sourceTree = "<group>"; };
		2EBD85F9B7D028E3D520ED77 /* OfflineSync.swift */ = {isa = PBXFileReference; lastKnownFileType = sourcecode.swift; path = OfflineSync.swift; sourceTree = "<group>"; };
		2F97B54C85FEC5A112CB0C9E /* BackgroundRefresh.swift */ = {isa = PBXFileReference; lastKnownFileType = sourcecode.swift; path = BackgroundRefresh.swift; sourceTree = "<group>"; };
		30F76E0D9822CBB897499A4D /* LAActionButton.swift */ = {isa = PBXFileReference; lastKnownFileType = sourcecode.swift; path = LAActionButton.swift; sourceTree = "<group>"; };
		31A72286F2044C2FB45A957A /* ParkingStore.swift */ = {isa = PBXFileReference; lastKnownFileType = sourcecode.swift; path = ParkingStore.swift; sourceTree = "<group>"; };
		33D5F8203565F8E20D91E100 /* ShortcutManager.swift */ = {isa = PBXFileReference; lastKnownFileType = sourcecode.swift; path = ShortcutManager.swift; sourceTree = "<group>"; };
		34DDF3B14C6A69EC6D8F3A6F /* PhoneLocationReporter.swift */ = {isa = PBXFileReference; lastKnownFileType = sourcecode.swift; path = PhoneLocationReporter.swift; sourceTree = "<group>"; };
		36AA01E4F54D0727EF341F49 /* ContentView.swift */ = {isa = PBXFileReference; lastKnownFileType = sourcecode.swift; path = ContentView.swift; sourceTree = "<group>"; };
		36E8C01B5F034767C7B96E69 /* BydRecarga-dev.entitlements */ = {isa = PBXFileReference; lastKnownFileType = text.plist.entitlements; path = "BydRecarga-dev.entitlements"; sourceTree = "<group>"; };
		3D3807C873D02DC8F672F3CD /* MaintenanceSheet.swift */ = {isa = PBXFileReference; lastKnownFileType = sourcecode.swift; path = MaintenanceSheet.swift; sourceTree = "<group>"; };
		40111AE0EB130BFE6B0757E3 /* HavalEcoTrip-prod.entitlements */ = {isa = PBXFileReference; lastKnownFileType = text.plist.entitlements; path = "HavalEcoTrip-prod.entitlements"; sourceTree = "<group>"; };
		40F897CF12D9D798464B3337 /* DashV2View.swift */ = {isa = PBXFileReference; lastKnownFileType = sourcecode.swift; path = DashV2View.swift; sourceTree = "<group>"; };
		44155F27E876BF6FC49BEC89 /* RecordingsView.swift */ = {isa = PBXFileReference; lastKnownFileType = sourcecode.swift; path = RecordingsView.swift; sourceTree = "<group>"; };
		492762BFD473DC0FD6D89688 /* ContentView.swift */ = {isa = PBXFileReference; lastKnownFileType = sourcecode.swift; path = ContentView.swift; sourceTree = "<group>"; };
		4982EFADD98ECBA5A75504CD /* SongProTripLiveActivity.swift */ = {isa = PBXFileReference; lastKnownFileType = sourcecode.swift; path = SongProTripLiveActivity.swift; sourceTree = "<group>"; };
		4A804763C29A6FBD8871C5A7 /* LivePreview.swift */ = {isa = PBXFileReference; lastKnownFileType = sourcecode.swift; path = LivePreview.swift; sourceTree = "<group>"; };
		4FB73D94989A66F5854A3DDE /* MilestonesSheet.swift */ = {isa = PBXFileReference; lastKnownFileType = sourcecode.swift; path = MilestonesSheet.swift; sourceTree = "<group>"; };
		547E045E2B2DA8F7E8B45F40 /* ControlsWidget.swift */ = {isa = PBXFileReference; lastKnownFileType = sourcecode.swift; path = ControlsWidget.swift; sourceTree = "<group>"; };
		59969E598BACA40911CD6232 /* ArrivalSheet.swift */ = {isa = PBXFileReference; lastKnownFileType = sourcecode.swift; path = ArrivalSheet.swift; sourceTree = "<group>"; };
		5A0BF2317E99D3BCDB34E075 /* SpeedFenceSheet.swift */ = {isa = PBXFileReference; lastKnownFileType = sourcecode.swift; path = SpeedFenceSheet.swift; sourceTree = "<group>"; };
		5B6819E27B57380D580AC0FF /* LeaveBySheet.swift */ = {isa = PBXFileReference; lastKnownFileType = sourcecode.swift; path = LeaveBySheet.swift; sourceTree = "<group>"; };
		5C78BF7DF42C2CEA8466E30F /* BydRecarga.app */ = {isa = PBXFileReference; includeInIndex = 0; lastKnownFileType = wrapper.application; path = BydRecarga.app; sourceTree = BUILT_PRODUCTS_DIR; };
		60050A5D1678A9235BEB0730 /* BydLiveActivityPush.swift */ = {isa = PBXFileReference; lastKnownFileType = sourcecode.swift; path = BydLiveActivityPush.swift; sourceTree = "<group>"; };
		6160C161401773B289CF8215 /* ShareExtension.entitlements */ = {isa = PBXFileReference; lastKnownFileType = text.plist.entitlements; path = ShareExtension.entitlements; sourceTree = "<group>"; };
		61B11EA0C5430FE17543E5CB /* CalendarPreclimat.swift */ = {isa = PBXFileReference; lastKnownFileType = sourcecode.swift; path = CalendarPreclimat.swift; sourceTree = "<group>"; };
		6215EB2F3EA8C80FA49D1477 /* PreclimatSheet.swift */ = {isa = PBXFileReference; lastKnownFileType = sourcecode.swift; path = PreclimatSheet.swift; sourceTree = "<group>"; };
		636438201B328EA34B285F3A /* MotorActivityAttributes.swift */ = {isa = PBXFileReference; lastKnownFileType = sourcecode.swift; path = MotorActivityAttributes.swift; sourceTree = "<group>"; };
		638ACE606ED94D317501DB0E /* NativeViagensView.swift */ = {isa = PBXFileReference; lastKnownFileType = sourcecode.swift; path = NativeViagensView.swift; sourceTree = "<group>"; };
		6454F8C53F20E0ADD009D5D1 /* CompanionInboundActivityAttributes.swift */ = {isa = PBXFileReference; lastKnownFileType = sourcecode.swift; path = CompanionInboundActivityAttributes.swift; sourceTree = "<group>"; };
		6AB3E13D26098FB169B559E2 /* HavalEcoTrip.app */ = {isa = PBXFileReference; includeInIndex = 0; lastKnownFileType = wrapper.application; path = HavalEcoTrip.app; sourceTree = BUILT_PRODUCTS_DIR; };
		6B0EC768E77CEDD141861D39 /* TripLiveActivity.swift */ = {isa = PBXFileReference; lastKnownFileType = sourcecode.swift; path = TripLiveActivity.swift; sourceTree = "<group>"; };
		6F5328FAA367AE3DF93613BE /* HavalEcoTripWidgetBundle.swift */ = {isa = PBXFileReference; lastKnownFileType = sourcecode.swift; path = HavalEcoTripWidgetBundle.swift; sourceTree = "<group>"; };
		72A96429D1C213B7BC4490B3 /* InfraActivityAttributes.swift */ = {isa = PBXFileReference; lastKnownFileType = sourcecode.swift; path = InfraActivityAttributes.swift; sourceTree = "<group>"; };
		7376EEA5C86B0C60FE3CE4E3 /* DesignSystem.swift */ = {isa = PBXFileReference; lastKnownFileType = sourcecode.swift; path = DesignSystem.swift; sourceTree = "<group>"; };
		74CCDC7C537D3745BA939111 /* ViagensV2View.swift */ = {isa = PBXFileReference; lastKnownFileType = sourcecode.swift; path = ViagensV2View.swift; sourceTree = "<group>"; };
		76A9EF7A30ED513EAB44FB7C /* DriveSheetsV2.swift */ = {isa = PBXFileReference; lastKnownFileType = sourcecode.swift; path = DriveSheetsV2.swift; sourceTree = "<group>"; };
		7BA445855D7E9BCBC513DE19 /* HavalEcoTrip.entitlements */ = {isa = PBXFileReference; lastKnownFileType = text.plist.entitlements; path = HavalEcoTrip.entitlements; sourceTree = "<group>"; };
		7DBCF10DECA75C406A67E56B /* SongProTripActivityAttributes.swift */ = {isa = PBXFileReference; lastKnownFileType = sourcecode.swift; path = SongProTripActivityAttributes.swift; sourceTree = "<group>"; };
		7E729D2E78EAC7CD0D7E8D10 /* Info.plist */ = {isa = PBXFileReference; lastKnownFileType = text.plist; path = Info.plist; sourceTree = "<group>"; };
		800D1CEE2F1C2A49E6DF5F72 /* MapPickerSheet.swift */ = {isa = PBXFileReference; lastKnownFileType = sourcecode.swift; path = MapPickerSheet.swift; sourceTree = "<group>"; };
		8036EB500E09B8F08A9EA755 /* MaintenanceStore.swift */ = {isa = PBXFileReference; lastKnownFileType = sourcecode.swift; path = MaintenanceStore.swift; sourceTree = "<group>"; };
		80A945217321F91BDD85E6F3 /* MicTestSheet.swift */ = {isa = PBXFileReference; lastKnownFileType = sourcecode.swift; path = MicTestSheet.swift; sourceTree = "<group>"; };
		84E0CFB1FD73D4EBEF6720A1 /* BydChargeWidget.swift */ = {isa = PBXFileReference; lastKnownFileType = sourcecode.swift; path = BydChargeWidget.swift; sourceTree = "<group>"; };
		8667439515FC27589EEEDBC9 /* SongProLiveActivity.swift */ = {isa = PBXFileReference; lastKnownFileType = sourcecode.swift; path = SongProLiveActivity.swift; sourceTree = "<group>"; };
		8E2D54361AF23B5E75EF04B7 /* CarStatusInfoView.swift */ = {isa = PBXFileReference; lastKnownFileType = sourcecode.swift; path = CarStatusInfoView.swift; sourceTree = "<group>"; };
		915E7661920B0022793D3A63 /* PreClimatLiveActivity.swift */ = {isa = PBXFileReference; lastKnownFileType = sourcecode.swift; path = PreClimatLiveActivity.swift; sourceTree = "<group>"; };
		91F382A2A80429A8E60FA263 /* SharedTripLiveActivity.swift */ = {isa = PBXFileReference; lastKnownFileType = sourcecode.swift; path = SharedTripLiveActivity.swift; sourceTree = "<group>"; };
		929650E89833B2397955656E /* BydRecargaWidget.entitlements */ = {isa = PBXFileReference; lastKnownFileType = text.plist.entitlements; path = BydRecargaWidget.entitlements; sourceTree = "<group>"; };
		93B4FFFA330691BE792A6CD2 /* BydDesignSystem.swift */ = {isa = PBXFileReference; lastKnownFileType = sourcecode.swift; path = BydDesignSystem.swift; sourceTree = "<group>"; };
		940E4AE86B859186BAE647F3 /* Assets.xcassets */ = {isa = PBXFileReference; lastKnownFileType = folder.assetcatalog; path = Assets.xcassets; sourceTree = "<group>"; };
		95282CA58B3AEAAE8DFF2DA9 /* CompanionInboundLiveActivity.swift */ = {isa = PBXFileReference; lastKnownFileType = sourcecode.swift; path = CompanionInboundLiveActivity.swift; sourceTree = "<group>"; };
		968AA8DFD87E74A832ED71A5 /* Info.plist */ = {isa = PBXFileReference; lastKnownFileType = text.plist; path = Info.plist; sourceTree = "<group>"; };
		98AAF0B9FB74534380E99D24 /* ParkingSheet.swift */ = {isa = PBXFileReference; lastKnownFileType = sourcecode.swift; path = ParkingSheet.swift; sourceTree = "<group>"; };
		A08F555DFDD330D4992422B5 /* DriveScoreDetailSheet.swift */ = {isa = PBXFileReference; lastKnownFileType = sourcecode.swift; path = DriveScoreDetailSheet.swift; sourceTree = "<group>"; };
		A1A74BCCDF1A1B7A5A4D1A2F /* PeriodFilter.swift */ = {isa = PBXFileReference; lastKnownFileType = sourcecode.swift; path = PeriodFilter.swift; sourceTree = "<group>"; };
		A53601AA6DAB2F8858F60A3D /* BydRecarga-prod.entitlements */ = {isa = PBXFileReference; lastKnownFileType = text.plist.entitlements; path = "BydRecarga-prod.entitlements"; sourceTree = "<group>"; };
		A5CB27509C982C7C90F5D774 /* DepartureSharesSheet.swift */ = {isa = PBXFileReference; lastKnownFileType = sourcecode.swift; path = DepartureSharesSheet.swift; sourceTree = "<group>"; };
		A799F69A43F78E263048C8F4 /* AuthConfig.swift */ = {isa = PBXFileReference; lastKnownFileType = sourcecode.swift; path = AuthConfig.swift; sourceTree = "<group>"; };
		AD7173E45A0E0AAFE9AD301F /* ConfigStore.swift */ = {isa = PBXFileReference; lastKnownFileType = sourcecode.swift; path = ConfigStore.swift; sourceTree = "<group>"; };
		AF8BF0D6E8837DEC20056AB8 /* SongProActivityAttributes.swift */ = {isa = PBXFileReference; lastKnownFileType = sourcecode.swift; path = SongProActivityAttributes.swift; sourceTree = "<group>"; };
		B1529D67B256468DE1C71396 /* ShareStatusSheet.swift */ = {isa = PBXFileReference; lastKnownFileType = sourcecode.swift; path = ShareStatusSheet.swift; sourceTree = "<group>"; };
		B1F322C191BA5762BDB4C8C4 /* RouteCompareSheet.swift */ = {isa = PBXFileReference; lastKnownFileType = sourcecode.swift; path = RouteCompareSheet.swift; sourceTree = "<group>"; };
		B39E9CAF8843B5BC8C6A6DA1 /* LATheme.swift */ = {isa = PBXFileReference; lastKnownFileType = sourcecode.swift; path = LATheme.swift; sourceTree = "<group>"; };
		B41BC4A6A889A1B5BBFCF7C6 /* PwaWebView.swift */ = {isa = PBXFileReference; lastKnownFileType = sourcecode.swift; path = PwaWebView.swift; sourceTree = "<group>"; };
		B5A372CA99C89C5712EE54BC /* HavalEcoTripApp.swift */ = {isa = PBXFileReference; lastKnownFileType = sourcecode.swift; path = HavalEcoTripApp.swift; sourceTree = "<group>"; };
		B6A433A5AA48336FD73F1C85 /* ChargeActivityLiveActivity.swift */ = {isa = PBXFileReference; lastKnownFileType = sourcecode.swift; path = ChargeActivityLiveActivity.swift; sourceTree = "<group>"; };
		B70CD6CCACB7545098A80F39 /* InsightsSheet.swift */ = {isa = PBXFileReference; lastKnownFileType = sourcecode.swift; path = InsightsSheet.swift; sourceTree = "<group>"; };
		B8AFBB5C9B38702398F58246 /* CarAudioSession.swift */ = {isa = PBXFileReference; lastKnownFileType = sourcecode.swift; path = CarAudioSession.swift; sourceTree = "<group>"; };
		B8C3D7D3EC9E5F913CE28355 /* BydMiniMap.swift */ = {isa = PBXFileReference; lastKnownFileType = sourcecode.swift; path = BydMiniMap.swift; sourceTree = "<group>"; };
		B9BBC1E7EB38A5621A6751AA /* ShareExtension.appex */ = {isa = PBXFileReference; includeInIndex = 0; lastKnownFileType = "wrapper.app-extension"; path = ShareExtension.appex; sourceTree = BUILT_PRODUCTS_DIR; };
		BA1A634027D62C075536F879 /* CarHeroView.swift */ = {isa = PBXFileReference; lastKnownFileType = sourcecode.swift; path = CarHeroView.swift; sourceTree = "<group>"; };
		BE979130639CFA45EF877A5B /* EscutaSheetV2.swift */ = {isa = PBXFileReference; lastKnownFileType = sourcecode.swift; path = EscutaSheetV2.swift; sourceTree = "<group>"; };
		BF4805E2E098ECAD51E0A441 /* Info.plist */ = {isa = PBXFileReference; lastKnownFileType = text.plist; path = Info.plist; sourceTree = "<group>"; };
		C0D6E362CB348E539FA519CC /* NativeDriveView.swift */ = {isa = PBXFileReference; lastKnownFileType = sourcecode.swift; path = NativeDriveView.swift; sourceTree = "<group>"; };
		C110A5E3EADD0B1D4DA52BE6 /* ChargeActivityAttributes.swift */ = {isa = PBXFileReference; lastKnownFileType = sourcecode.swift; path = ChargeActivityAttributes.swift; sourceTree = "<group>"; };
		C25344C215F40EDE5B072CEF /* LogsSheet.swift */ = {isa = PBXFileReference; lastKnownFileType = sourcecode.swift; path = LogsSheet.swift; sourceTree = "<group>"; };
		C35B5104764484B81BD593A3 /* BridgeRouter.swift */ = {isa = PBXFileReference; lastKnownFileType = sourcecode.swift; path = BridgeRouter.swift; sourceTree = "<group>"; };
		C4C25F23B2E85136F2735757 /* HavalEcoTripWidget.entitlements */ = {isa = PBXFileReference; lastKnownFileType = text.plist.entitlements; path = HavalEcoTripWidget.entitlements; sourceTree = "<group>"; };
		C68353FA3433CBE88BFA4347 /* CarStore.swift */ = {isa = PBXFileReference; lastKnownFileType = sourcecode.swift; path = CarStore.swift; sourceTree = "<group>"; };
		C7817E2396F9C3176DF2954E /* NotificationsCenterSheet.swift */ = {isa = PBXFileReference; lastKnownFileType = sourcecode.swift; path = NotificationsCenterSheet.swift; sourceTree = "<group>"; };
		C7C8F9D484392C67E49E3E78 /* LockWidgets.swift */ = {isa = PBXFileReference; lastKnownFileType = sourcecode.swift; path = LockWidgets.swift; sourceTree = "<group>"; };
		C88C20EF0FDB1AB8EB036191 /* CarActions.swift */ = {isa = PBXFileReference; lastKnownFileType = sourcecode.swift; path = CarActions.swift; sourceTree = "<group>"; };
		CD754B29F48E190AD2D8648F /* CarIntents.swift */ = {isa = PBXFileReference; lastKnownFileType = sourcecode.swift; path = CarIntents.swift; sourceTree = "<group>"; };
		D15756C1CEF1EFDD6804C05D /* SecurityActivityAttributes.swift */ = {isa = PBXFileReference; lastKnownFileType = sourcecode.swift; path = SecurityActivityAttributes.swift; sourceTree = "<group>"; };
		D2C8DF4BFA59CDFFCB7CAABF /* ChargeForecastSheet.swift */ = {isa = PBXFileReference; lastKnownFileType = sourcecode.swift; path = ChargeForecastSheet.swift; sourceTree = "<group>"; };
		D2E5847D4B630A807A07557A /* ShareViewController.swift */ = {isa = PBXFileReference; lastKnownFileType = sourcecode.swift; path = ShareViewController.swift; sourceTree = "<group>"; };
		D6CE9B63AE0A75344509696C /* NativeConfigView.swift */ = {isa = PBXFileReference; lastKnownFileType = sourcecode.swift; path = NativeConfigView.swift; sourceTree = "<group>"; };
		D7A442E88C358C98CE318DF9 /* ControlSheets.swift */ = {isa = PBXFileReference; lastKnownFileType = sourcecode.swift; path = ControlSheets.swift; sourceTree = "<group>"; };
		D9926C58E001CD8511E829FB /* ActivityManager.swift */ = {isa = PBXFileReference; lastKnownFileType = sourcecode.swift; path = ActivityManager.swift; sourceTree = "<group>"; };
		DA22E658C7AE7CB3679725CF /* LANDiscovery.swift */ = {isa = PBXFileReference; lastKnownFileType = sourcecode.swift; path = LANDiscovery.swift; sourceTree = "<group>"; };
		DD1B9E17C1177A48B806D3B9 /* BydRecargaWidgetBundle.swift */ = {isa = PBXFileReference; lastKnownFileType = sourcecode.swift; path = BydRecargaWidgetBundle.swift; sourceTree = "<group>"; };
		DFE9C8DD63C6163B5AF174C8 /* SecurityLiveActivity.swift */ = {isa = PBXFileReference; lastKnownFileType = sourcecode.swift; path = SecurityLiveActivity.swift; sourceTree = "<group>"; };
		E25E4CB35E07E12C3CBD67E4 /* ConfigV2View.swift */ = {isa = PBXFileReference; lastKnownFileType = sourcecode.swift; path = ConfigV2View.swift; sourceTree = "<group>"; };
		E2D72D050A09B86061C6E0C4 /* EventsTimelineSheet.swift */ = {isa = PBXFileReference; lastKnownFileType = sourcecode.swift; path = EventsTimelineSheet.swift; sourceTree = "<group>"; };
		E4593E338CE49445D2B4E37A /* Settings.swift */ = {isa = PBXFileReference; lastKnownFileType = sourcecode.swift; path = Settings.swift; sourceTree = "<group>"; };
		E5C3783F4045873A9A1C2F85 /* BiometricGate.swift */ = {isa = PBXFileReference; lastKnownFileType = sourcecode.swift; path = BiometricGate.swift; sourceTree = "<group>"; };
		E612200FCE6AA9F646191052 /* TripActivityAttributes.swift */ = {isa = PBXFileReference; lastKnownFileType = sourcecode.swift; path = TripActivityAttributes.swift; sourceTree = "<group>"; };
		E76F4714F0868BF20EA9A22F /* ParkingLiveActivity.swift */ = {isa = PBXFileReference; lastKnownFileType = sourcecode.swift; path = ParkingLiveActivity.swift; sourceTree = "<group>"; };
		E810689502D9D028774D6792 /* BydSettings.swift */ = {isa = PBXFileReference; lastKnownFileType = sourcecode.swift; path = BydSettings.swift; sourceTree = "<group>"; };
		E98E48557C0D1C195F52D06D /* RecargasV2View.swift */ = {isa = PBXFileReference; lastKnownFileType = sourcecode.swift; path = RecargasV2View.swift; sourceTree = "<group>"; };
		EBBB57D2D187DD310113F34A /* PreClimatActivityAttributes.swift */ = {isa = PBXFileReference; lastKnownFileType = sourcecode.swift; path = PreClimatActivityAttributes.swift; sourceTree = "<group>"; };
		EBC80D42C32C99C47E1B7222 /* AuthManager.swift */ = {isa = PBXFileReference; lastKnownFileType = sourcecode.swift; path = AuthManager.swift; sourceTree = "<group>"; };
		EC2381C3274023AC8A791D43 /* AssistantSheet.swift */ = {isa = PBXFileReference; lastKnownFileType = sourcecode.swift; path = AssistantSheet.swift; sourceTree = "<group>"; };
		ECAEED044A902791C1B43435 /* BydRecargaApp.swift */ = {isa = PBXFileReference; lastKnownFileType = sourcecode.swift; path = BydRecargaApp.swift; sourceTree = "<group>"; };
		EE7C90F87D39219D3F202F0E /* BatteryHealthSheet.swift */ = {isa = PBXFileReference; lastKnownFileType = sourcecode.swift; path = BatteryHealthSheet.swift; sourceTree = "<group>"; };
		EEEFCC8135B0627DFDB60013 /* Assets.xcassets */ = {isa = PBXFileReference; lastKnownFileType = folder.assetcatalog; path = Assets.xcassets; sourceTree = "<group>"; };
		F5B823C235ED2AB25740FEEA /* EcoScoreSheet.swift */ = {isa = PBXFileReference; lastKnownFileType = sourcecode.swift; path = EcoScoreSheet.swift; sourceTree = "<group>"; };
		F6B65FA59825E09151BBC7C3 /* BatteryWidget.swift */ = {isa = PBXFileReference; lastKnownFileType = sourcecode.swift; path = BatteryWidget.swift; sourceTree = "<group>"; };
		FA80C20DB354205B277ADC19 /* ParkGuardSheet.swift */ = {isa = PBXFileReference; lastKnownFileType = sourcecode.swift; path = ParkGuardSheet.swift; sourceTree = "<group>"; };
		FB5145A32C36D0D8E2E36E83 /* NativeRecargasView.swift */ = {isa = PBXFileReference; lastKnownFileType = sourcecode.swift; path = NativeRecargasView.swift; sourceTree = "<group>"; };
		FBB9FEC86DC9FAEDAE722250 /* GravacoesV2View.swift */ = {isa = PBXFileReference; lastKnownFileType = sourcecode.swift; path = GravacoesV2View.swift; sourceTree = "<group>"; };
		FEFBCE42F4C0655FC9E8CAFE /* SharedTripActivityAttributes.swift */ = {isa = PBXFileReference; lastKnownFileType = sourcecode.swift; path = SharedTripActivityAttributes.swift; sourceTree = "<group>"; };
		FFF70A4F7CBB079E318E2289 /* ChargeAnalysisSheet.swift */ = {isa = PBXFileReference; lastKnownFileType = sourcecode.swift; path = ChargeAnalysisSheet.swift; sourceTree = "<group>"; };
/* End PBXFileReference section */

/* Begin PBXGroup section */
		19DFA1BC8964C5B35958B0DD /* HavalEcoTrip */ = {
			isa = PBXGroup;
			children = (
				D9926C58E001CD8511E829FB /* ActivityManager.swift */,
				59969E598BACA40911CD6232 /* ArrivalSheet.swift */,
				EEEFCC8135B0627DFDB60013 /* Assets.xcassets */,
				EC2381C3274023AC8A791D43 /* AssistantSheet.swift */,
				A799F69A43F78E263048C8F4 /* AuthConfig.swift */,
				EBC80D42C32C99C47E1B7222 /* AuthManager.swift */,
				01AC1877140CC251292718C3 /* AutomationsView.swift */,
				2F97B54C85FEC5A112CB0C9E /* BackgroundRefresh.swift */,
				EE7C90F87D39219D3F202F0E /* BatteryHealthSheet.swift */,
				E5C3783F4045873A9A1C2F85 /* BiometricGate.swift */,
				C35B5104764484B81BD593A3 /* BridgeRouter.swift */,
				61B11EA0C5430FE17543E5CB /* CalendarPreclimat.swift */,
				C88C20EF0FDB1AB8EB036191 /* CarActions.swift */,
				B8AFBB5C9B38702398F58246 /* CarAudioSession.swift */,
				BA1A634027D62C075536F879 /* CarHeroView.swift */,
				8E2D54361AF23B5E75EF04B7 /* CarStatusInfoView.swift */,
				C68353FA3433CBE88BFA4347 /* CarStore.swift */,
				FFF70A4F7CBB079E318E2289 /* ChargeAnalysisSheet.swift */,
				D2C8DF4BFA59CDFFCB7CAABF /* ChargeForecastSheet.swift */,
				25A17F71A438747B21DAF8B6 /* CockpitRoute.swift */,
				25AF744D0A813EC24608D127 /* ConfigSheets.swift */,
				AD7173E45A0E0AAFE9AD301F /* ConfigStore.swift */,
				E25E4CB35E07E12C3CBD67E4 /* ConfigV2View.swift */,
				36AA01E4F54D0727EF341F49 /* ContentView.swift */,
				D7A442E88C358C98CE318DF9 /* ControlSheets.swift */,
				40F897CF12D9D798464B3337 /* DashV2View.swift */,
				A5CB27509C982C7C90F5D774 /* DepartureSharesSheet.swift */,
				7376EEA5C86B0C60FE3CE4E3 /* DesignSystem.swift */,
				1BC76CD875BA1A36A4E1E089 /* DestinationsCostSheet.swift */,
				A08F555DFDD330D4992422B5 /* DriveScoreDetailSheet.swift */,
				76A9EF7A30ED513EAB44FB7C /* DriveSheetsV2.swift */,
				15D0526E47FDE3C7D574D54E /* DriveV2View.swift */,
				F5B823C235ED2AB25740FEEA /* EcoScoreSheet.swift */,
				BE979130639CFA45EF877A5B /* EscutaSheetV2.swift */,
				E2D72D050A09B86061C6E0C4 /* EventsTimelineSheet.swift */,
				FBB9FEC86DC9FAEDAE722250 /* GravacoesV2View.swift */,
				26B936D2B31C5DE61815546A /* HavalEcoTrip-dev.entitlements */,
				40111AE0EB130BFE6B0757E3 /* HavalEcoTrip-prod.entitlements */,
				7BA445855D7E9BCBC513DE19 /* HavalEcoTrip.entitlements */,
				B5A372CA99C89C5712EE54BC /* HavalEcoTripApp.swift */,
				232F301A30B4B1A8B1CBC296 /* HealthScoreSheet.swift */,
				968AA8DFD87E74A832ED71A5 /* Info.plist */,
				B70CD6CCACB7545098A80F39 /* InsightsSheet.swift */,
				DA22E658C7AE7CB3679725CF /* LANDiscovery.swift */,
				5B6819E27B57380D580AC0FF /* LeaveBySheet.swift */,
				19F1EE1E1159233D66EEAFA8 /* LiveActivityPush.swift */,
				4A804763C29A6FBD8871C5A7 /* LivePreview.swift */,
				1D8DD420046BFFF1A114B6B5 /* LiveRouteBanner.swift */,
				C25344C215F40EDE5B072CEF /* LogsSheet.swift */,
				3D3807C873D02DC8F672F3CD /* MaintenanceSheet.swift */,
				8036EB500E09B8F08A9EA755 /* MaintenanceStore.swift */,
				800D1CEE2F1C2A49E6DF5F72 /* MapPickerSheet.swift */,
				80A945217321F91BDD85E6F3 /* MicTestSheet.swift */,
				4FB73D94989A66F5854A3DDE /* MilestonesSheet.swift */,
				00A892D7A0CA83BABF2920BE /* ModeEconomySheet.swift */,
				0BBB9A0DE1F041DBBD0BFD00 /* MonthlyReportSheet.swift */,
				D6CE9B63AE0A75344509696C /* NativeConfigView.swift */,
				0412CD48BFB11B79D8D550D4 /* NativeDashView.swift */,
				C0D6E362CB348E539FA519CC /* NativeDriveView.swift */,
				07A4D05D4468B1E0F2E83B3A /* NativeInsightsView.swift */,
				FB5145A32C36D0D8E2E36E83 /* NativeRecargasView.swift */,
				638ACE606ED94D317501DB0E /* NativeViagensView.swift */,
				C7817E2396F9C3176DF2954E /* NotificationsCenterSheet.swift */,
				2EBD85F9B7D028E3D520ED77 /* OfflineSync.swift */,
				FA80C20DB354205B277ADC19 /* ParkGuardSheet.swift */,
				98AAF0B9FB74534380E99D24 /* ParkingSheet.swift */,
				31A72286F2044C2FB45A957A /* ParkingStore.swift */,
				A1A74BCCDF1A1B7A5A4D1A2F /* PeriodFilter.swift */,
				34DDF3B14C6A69EC6D8F3A6F /* PhoneLocationReporter.swift */,
				290EB87DC1EC5670D4F65A0E /* PreclimatContextStore.swift */,
				6215EB2F3EA8C80FA49D1477 /* PreclimatSheet.swift */,
				11400D718E9CC0F694031328 /* PreclimaV2View.swift */,
				B41BC4A6A889A1B5BBFCF7C6 /* PwaWebView.swift */,
				E98E48557C0D1C195F52D06D /* RecargasV2View.swift */,
				44155F27E876BF6FC49BEC89 /* RecordingsView.swift */,
				0AFED4CCA277E184649006B9 /* RemoteNotifications.swift */,
				B1F322C191BA5762BDB4C8C4 /* RouteCompareSheet.swift */,
				1D49A69E4850202A417ACB89 /* SavingsSheet.swift */,
				E4593E338CE49445D2B4E37A /* Settings.swift */,
				B1529D67B256468DE1C71396 /* ShareStatusSheet.swift */,
				33D5F8203565F8E20D91E100 /* ShortcutManager.swift */,
				5A0BF2317E99D3BCDB34E075 /* SpeedFenceSheet.swift */,
				099944E7CC1BCBFE6E3A0B09 /* TempConsumptionSheet.swift */,
				74CCDC7C537D3745BA939111 /* ViagensV2View.swift */,
			);
			path = HavalEcoTrip;
			sourceTree = "<group>";
		};
		2981E987A19370F17B72CF19 /* BydRecarga */ = {
			isa = PBXGroup;
			children = (
				940E4AE86B859186BAE647F3 /* Assets.xcassets */,
				93B4FFFA330691BE792A6CD2 /* BydDesignSystem.swift */,
				60050A5D1678A9235BEB0730 /* BydLiveActivityPush.swift */,
				B8C3D7D3EC9E5F913CE28355 /* BydMiniMap.swift */,
				1856321B97D59F9EFBA114E7 /* BydPhoneLocation.swift */,
				36E8C01B5F034767C7B96E69 /* BydRecarga-dev.entitlements */,
				A53601AA6DAB2F8858F60A3D /* BydRecarga-prod.entitlements */,
				ECAEED044A902791C1B43435 /* BydRecargaApp.swift */,
				E810689502D9D028774D6792 /* BydSettings.swift */,
				492762BFD473DC0FD6D89688 /* ContentView.swift */,
				7E729D2E78EAC7CD0D7E8D10 /* Info.plist */,
			);
			path = BydRecarga;
			sourceTree = "<group>";
		};
		45616B981A51EAA946EC9D44 /* HavalEcoTripWidget */ = {
			isa = PBXGroup;
			children = (
				0C916CB148E5590BB5EF8513 /* Assets.xcassets */,
				F6B65FA59825E09151BBC7C3 /* BatteryWidget.swift */,
				CD754B29F48E190AD2D8648F /* CarIntents.swift */,
				C110A5E3EADD0B1D4DA52BE6 /* ChargeActivityAttributes.swift */,
				B6A433A5AA48336FD73F1C85 /* ChargeActivityLiveActivity.swift */,
				6454F8C53F20E0ADD009D5D1 /* CompanionInboundActivityAttributes.swift */,
				95282CA58B3AEAAE8DFF2DA9 /* CompanionInboundLiveActivity.swift */,
				547E045E2B2DA8F7E8B45F40 /* ControlsWidget.swift */,
				C4C25F23B2E85136F2735757 /* HavalEcoTripWidget.entitlements */,
				6F5328FAA367AE3DF93613BE /* HavalEcoTripWidgetBundle.swift */,
				1C2F4161732FE79AB2415337 /* Info.plist */,
				72A96429D1C213B7BC4490B3 /* InfraActivityAttributes.swift */,
				0436DB31F705209C4895283B /* InfraLiveActivity.swift */,
				30F76E0D9822CBB897499A4D /* LAActionButton.swift */,
				B39E9CAF8843B5BC8C6A6DA1 /* LATheme.swift */,
				C7C8F9D484392C67E49E3E78 /* LockWidgets.swift */,
				636438201B328EA34B285F3A /* MotorActivityAttributes.swift */,
				2A0F1250A4346D17F0539FE8 /* MotorLiveActivity.swift */,
				233A69DF139C48429A427377 /* ParkingActivityAttributes.swift */,
				E76F4714F0868BF20EA9A22F /* ParkingLiveActivity.swift */,
				EBBB57D2D187DD310113F34A /* PreClimatActivityAttributes.swift */,
				915E7661920B0022793D3A63 /* PreClimatLiveActivity.swift */,
				D15756C1CEF1EFDD6804C05D /* SecurityActivityAttributes.swift */,
				DFE9C8DD63C6163B5AF174C8 /* SecurityLiveActivity.swift */,
				FEFBCE42F4C0655FC9E8CAFE /* SharedTripActivityAttributes.swift */,
				91F382A2A80429A8E60FA263 /* SharedTripLiveActivity.swift */,
				AF8BF0D6E8837DEC20056AB8 /* SongProActivityAttributes.swift */,
				8667439515FC27589EEEDBC9 /* SongProLiveActivity.swift */,
				7DBCF10DECA75C406A67E56B /* SongProTripActivityAttributes.swift */,
				4982EFADD98ECBA5A75504CD /* SongProTripLiveActivity.swift */,
				E612200FCE6AA9F646191052 /* TripActivityAttributes.swift */,
				6B0EC768E77CEDD141861D39 /* TripLiveActivity.swift */,
			);
			path = HavalEcoTripWidget;
			sourceTree = "<group>";
		};
		8189E525203ABEDA3C0DE197 /* BydRecargaWidget */ = {
			isa = PBXGroup;
			children = (
				84E0CFB1FD73D4EBEF6720A1 /* BydChargeWidget.swift */,
				929650E89833B2397955656E /* BydRecargaWidget.entitlements */,
				DD1B9E17C1177A48B806D3B9 /* BydRecargaWidgetBundle.swift */,
				BF4805E2E098ECAD51E0A441 /* Info.plist */,
			);
			path = BydRecargaWidget;
			sourceTree = "<group>";
		};
		E005AB11A0FEF6448D74F6BF /* ShareExtension */ = {
			isa = PBXGroup;
			children = (
				1E3DCC65EEE32FFFC3727847 /* Info.plist */,
				6160C161401773B289CF8215 /* ShareExtension.entitlements */,
				D2E5847D4B630A807A07557A /* ShareViewController.swift */,
			);
			path = ShareExtension;
			sourceTree = "<group>";
		};
		E3F9CDB4A84F984C5043F62B /* Products */ = {
			isa = PBXGroup;
			children = (
				5C78BF7DF42C2CEA8466E30F /* BydRecarga.app */,
				0275BC86719533522473C87B /* BydRecargaWidget.appex */,
				6AB3E13D26098FB169B559E2 /* HavalEcoTrip.app */,
				192BA3BE182AC3D50F636DA9 /* HavalEcoTripWidget.appex */,
				B9BBC1E7EB38A5621A6751AA /* ShareExtension.appex */,
			);
			name = Products;
			sourceTree = "<group>";
		};
		F978D81279B4F6D52E87CFA3 = {
			isa = PBXGroup;
			children = (
				2981E987A19370F17B72CF19 /* BydRecarga */,
				8189E525203ABEDA3C0DE197 /* BydRecargaWidget */,
				19DFA1BC8964C5B35958B0DD /* HavalEcoTrip */,
				45616B981A51EAA946EC9D44 /* HavalEcoTripWidget */,
				E005AB11A0FEF6448D74F6BF /* ShareExtension */,
				E3F9CDB4A84F984C5043F62B /* Products */,
			);
			sourceTree = "<group>";
		};
/* End PBXGroup section */

/* Begin PBXNativeTarget section */
		7C6F91A3D976662D4231F695 /* HavalEcoTripWidget */ = {
			isa = PBXNativeTarget;
			buildConfigurationList = 9F079467A5C6FD1B8F39FA51 /* Build configuration list for PBXNativeTarget "HavalEcoTripWidget" */;
			buildPhases = (
				628FAE7CE794B1464393B2D5 /* Sources */,
				34983080919B6F307555A10B /* Resources */,
			);
			buildRules = (
			);
			dependencies = (
			);
			name = HavalEcoTripWidget;
			packageProductDependencies = (
			);
			productName = HavalEcoTripWidget;
			productReference = 192BA3BE182AC3D50F636DA9 /* HavalEcoTripWidget.appex */;
			productType = "com.apple.product-type.app-extension";
		};
		9A24D993E9771A54D42878BB /* ShareExtension */ = {
			isa = PBXNativeTarget;
			buildConfigurationList = 6814C8D4DB148B0C4FB6E622 /* Build configuration list for PBXNativeTarget "ShareExtension" */;
			buildPhases = (
				B120FD85CF0C2693F959B951 /* Sources */,
			);
			buildRules = (
			);
			dependencies = (
			);
			name = ShareExtension;
			packageProductDependencies = (
			);
			productName = ShareExtension;
			productReference = B9BBC1E7EB38A5621A6751AA /* ShareExtension.appex */;
			productType = "com.apple.product-type.app-extension";
		};
		B16158F6000997CD3450942E /* HavalEcoTrip */ = {
			isa = PBXNativeTarget;
			buildConfigurationList = 33F8B95A0DBFD663A5DE1E30 /* Build configuration list for PBXNativeTarget "HavalEcoTrip" */;
			buildPhases = (
				6C9516BD0FE489AF29E586F7 /* Sources */,
				5CFAD127AF4A412D5DBF385E /* Resources */,
				DCCDFE484E2CC324AC0D8146 /* Embed Foundation Extensions */,
			);
			buildRules = (
			);
			dependencies = (
				ABF9ACFC5BF036BDAAFA7381 /* PBXTargetDependency */,
			);
			name = HavalEcoTrip;
			packageProductDependencies = (
			);
			productName = HavalEcoTrip;
			productReference = 6AB3E13D26098FB169B559E2 /* HavalEcoTrip.app */;
			productType = "com.apple.product-type.application";
		};
		BAD07D7175AD5AECF511A382 /* BydRecarga */ = {
			isa = PBXNativeTarget;
			buildConfigurationList = 3015C415EDB970F7231758F6 /* Build configuration list for PBXNativeTarget "BydRecarga" */;
			buildPhases = (
				6C0BEC491ABF43B8BD9C57F1 /* Sources */,
				8EC07FA7DF6482ED2F84CC5C /* Resources */,
				0D7894168FF60091841DF6FF /* Embed Foundation Extensions */,
			);
			buildRules = (
			);
			dependencies = (
				1CC48166560F6121A3AFD0D5 /* PBXTargetDependency */,
			);
			name = BydRecarga;
			packageProductDependencies = (
			);
			productName = BydRecarga;
			productReference = 5C78BF7DF42C2CEA8466E30F /* BydRecarga.app */;
			productType = "com.apple.product-type.application";
		};
		BBC06950EA1E47A8982A0457 /* BydRecargaWidget */ = {
			isa = PBXNativeTarget;
			buildConfigurationList = CF3F755563989EDFAACFF030 /* Build configuration list for PBXNativeTarget "BydRecargaWidget" */;
			buildPhases = (
				A8E2E19858992723C7BE54D9 /* Sources */,
			);
			buildRules = (
			);
			dependencies = (
			);
			name = BydRecargaWidget;
			packageProductDependencies = (
			);
			productName = BydRecargaWidget;
			productReference = 0275BC86719533522473C87B /* BydRecargaWidget.appex */;
			productType = "com.apple.product-type.app-extension";
		};
/* End PBXNativeTarget section */

/* Begin PBXProject section */
		CB4F87A590F61F207CFCDD6A /* Project object */ = {
			isa = PBXProject;
			attributes = {
				BuildIndependentTargetsInParallel = YES;
				LastUpgradeCheck = 1430;
				TargetAttributes = {
					7C6F91A3D976662D4231F695 = {
						DevelopmentTeam = 7Y6MPKR5CD;
						ProvisioningStyle = Automatic;
					};
					9A24D993E9771A54D42878BB = {
						DevelopmentTeam = 7Y6MPKR5CD;
						ProvisioningStyle = Automatic;
					};
					B16158F6000997CD3450942E = {
						DevelopmentTeam = 7Y6MPKR5CD;
						ProvisioningStyle = Automatic;
					};
					BAD07D7175AD5AECF511A382 = {
						DevelopmentTeam = 7Y6MPKR5CD;
						ProvisioningStyle = Automatic;
					};
					BBC06950EA1E47A8982A0457 = {
						DevelopmentTeam = 7Y6MPKR5CD;
						ProvisioningStyle = Automatic;
					};
				};
			};
			buildConfigurationList = 3E988FA30D6892FC039020BF /* Build configuration list for PBXProject "HavalEcoTrip" */;
			developmentRegion = en;
			hasScannedForEncodings = 0;
			knownRegions = (
				Base,
				en,
			);
			mainGroup = F978D81279B4F6D52E87CFA3;
			minimizedProjectReferenceProxies = 1;
			preferredProjectObjectVersion = 77;
			productRefGroup = E3F9CDB4A84F984C5043F62B /* Products */;
			projectDirPath = "";
			projectRoot = "";
			targets = (
				BAD07D7175AD5AECF511A382 /* BydRecarga */,
				BBC06950EA1E47A8982A0457 /* BydRecargaWidget */,
				B16158F6000997CD3450942E /* HavalEcoTrip */,
				7C6F91A3D976662D4231F695 /* HavalEcoTripWidget */,
				9A24D993E9771A54D42878BB /* ShareExtension */,
			);
		};
/* End PBXProject section */

/* Begin PBXResourcesBuildPhase section */
		34983080919B6F307555A10B /* Resources */ = {
			isa = PBXResourcesBuildPhase;
			buildActionMask = 2147483647;
			files = (
				326CAF9CD3D64AD79469D6C5 /* Assets.xcassets in Resources */,
			);
			runOnlyForDeploymentPostprocessing = 0;
		};
		5CFAD127AF4A412D5DBF385E /* Resources */ = {
			isa = PBXResourcesBuildPhase;
			buildActionMask = 2147483647;
			files = (
				6223380A259556C149F9E067 /* Assets.xcassets in Resources */,
			);
			runOnlyForDeploymentPostprocessing = 0;
		};
		8EC07FA7DF6482ED2F84CC5C /* Resources */ = {
			isa = PBXResourcesBuildPhase;
			buildActionMask = 2147483647;
			files = (
				B81E30EC9F98C5B71D4E12E8 /* Assets.xcassets in Resources */,
			);
			runOnlyForDeploymentPostprocessing = 0;
		};
/* End PBXResourcesBuildPhase section */

/* Begin PBXSourcesBuildPhase section */
		628FAE7CE794B1464393B2D5 /* Sources */ = {
			isa = PBXSourcesBuildPhase;
			buildActionMask = 2147483647;
			files = (
				CFA18AF48CB7CF8DF7C40EC3 /* BatteryWidget.swift in Sources */,
				A3622611C72B3B511BA5015D /* CarIntents.swift in Sources */,
				77472ED6F598E53605506B96 /* ChargeActivityAttributes.swift in Sources */,
				659B7DF18D1CC3CBBC1615F3 /* ChargeActivityLiveActivity.swift in Sources */,
				A247949E84D69629C62E27D7 /* CompanionInboundActivityAttributes.swift in Sources */,
				690E367FBE312093F345FB81 /* CompanionInboundLiveActivity.swift in Sources */,
				54C6AF9B49E5FD2C86044A58 /* ControlsWidget.swift in Sources */,
				253A6649A6A5B25C6DEBB140 /* HavalEcoTripWidgetBundle.swift in Sources */,
				3B1E127339910428D3BC6CB3 /* InfraActivityAttributes.swift in Sources */,
				ABF9F470EA6B41F8BC23D16E /* InfraLiveActivity.swift in Sources */,
				98A61174D1B1F41AC4E60640 /* LAActionButton.swift in Sources */,
				E33E3495749BD15F6586204D /* LATheme.swift in Sources */,
				6B1479E8CF6EDE745584DB42 /* LockWidgets.swift in Sources */,
				AB83E9252E2D2EA3B5AAAC0A /* MotorActivityAttributes.swift in Sources */,
				C25004AC6E9825F287951DC4 /* MotorLiveActivity.swift in Sources */,
				C1AB7CACAF2F5707D93C8B2C /* ParkingActivityAttributes.swift in Sources */,
				8AA2237FA9553F2DE2C30930 /* ParkingLiveActivity.swift in Sources */,
				DAFD168AE90C50CE05BA20A8 /* PreClimatActivityAttributes.swift in Sources */,
				A059FEDAB126C345DAAD9802 /* PreClimatLiveActivity.swift in Sources */,
				985C98EC482371EDBE14B4E2 /* SecurityActivityAttributes.swift in Sources */,
				9CC60221177D73FA6ED4E7F8 /* SecurityLiveActivity.swift in Sources */,
				1A900DDEB8C0BB74EAD4A130 /* Settings.swift in Sources */,
				73D67C49913D49F094F16FCA /* SharedTripActivityAttributes.swift in Sources */,
				0B72DB41F31EA159A9D71A14 /* SharedTripLiveActivity.swift in Sources */,
				447016E58ECF062223D41618 /* TripActivityAttributes.swift in Sources */,
				8C3FA5DCF7133607EC275A89 /* TripLiveActivity.swift in Sources */,
			);
			runOnlyForDeploymentPostprocessing = 0;
		};
		6C0BEC491ABF43B8BD9C57F1 /* Sources */ = {
			isa = PBXSourcesBuildPhase;
			buildActionMask = 2147483647;
			files = (
				918327725401C391E14F531E /* BydDesignSystem.swift in Sources */,
				91E8922CD20B94185D7454A2 /* BydLiveActivityPush.swift in Sources */,
				628BD86A75E22A5913BB943D /* BydMiniMap.swift in Sources */,
				D9E640CC25ED1D302FCE3773 /* BydPhoneLocation.swift in Sources */,
				16E429E57E193AFF3942D11F /* BydRecargaApp.swift in Sources */,
				783721D1E37916F23F2149D8 /* BydSettings.swift in Sources */,
				EA761C0E941E7F8949B72336 /* CompanionInboundActivityAttributes.swift in Sources */,
				E43E5551EEE28BC0621FA123 /* ContentView.swift in Sources */,
				529402576F2CD0374EFC7172 /* SharedTripActivityAttributes.swift in Sources */,
				6D2D2B81A43BB7E8D26EE81F /* SongProActivityAttributes.swift in Sources */,
				E0198BA31627A073FDF1B896 /* SongProTripActivityAttributes.swift in Sources */,
			);
			runOnlyForDeploymentPostprocessing = 0;
		};
		6C9516BD0FE489AF29E586F7 /* Sources */ = {
			isa = PBXSourcesBuildPhase;
			buildActionMask = 2147483647;
			files = (
				97D85BD3A8D8D549ABD6A944 /* ActivityManager.swift in Sources */,
				BA44D6E648CAA30EFD8C11AF /* ArrivalSheet.swift in Sources */,
				84431B7359D2FE09EF72F5A6 /* AssistantSheet.swift in Sources */,
				DE39B1C98DBD4A0B7B3D515F /* AuthConfig.swift in Sources */,
				D6B7CC3FAD98C1CC134911FE /* AuthManager.swift in Sources */,
				064E007225ADC0CDFC776198 /* AutomationsView.swift in Sources */,
				AE6DF0BA2B76E13159F83FE3 /* BackgroundRefresh.swift in Sources */,
				A3A6AF98888B41E747C0D262 /* BatteryHealthSheet.swift in Sources */,
				EB170A75BD1ABB3462C6AF9E /* BiometricGate.swift in Sources */,
				81DAF8B879E1CA36A1065283 /* BridgeRouter.swift in Sources */,
				2443C8293D379D17388749B0 /* CalendarPreclimat.swift in Sources */,
				605ED8EEC91528FFBC054A48 /* CarActions.swift in Sources */,
				6AC2ED6F20F98D935A953C0A /* CarAudioSession.swift in Sources */,
				3F3BD6924FA83F04DB29CF0B /* CarHeroView.swift in Sources */,
				77EF0F880D1B98744B21C2C5 /* CarIntents.swift in Sources */,
				D09B9FDE499BEDF1D32157CF /* CarStatusInfoView.swift in Sources */,
				E4DBC8604FEF4AF3E5F39336 /* CarStore.swift in Sources */,
				920A0533D20932EF36FC4D49 /* ChargeActivityAttributes.swift in Sources */,
				30E7EF6F07C0F5426CFC7E3D /* ChargeAnalysisSheet.swift in Sources */,
				BBDA07ABAFDD14A11CEAC022 /* ChargeForecastSheet.swift in Sources */,
				358FAD5EC35FFE7883AA5F9F /* CockpitRoute.swift in Sources */,
				0BB7525EC9FA3BFAAE77FCB0 /* ConfigSheets.swift in Sources */,
				42169A88F8E36FD03EA47301 /* ConfigStore.swift in Sources */,
				9D8A593457802718AE4EA0C2 /* ConfigV2View.swift in Sources */,
				87640D1FE3604A94892D6723 /* ContentView.swift in Sources */,
				07FC719000D999AB80CF8C4C /* ControlSheets.swift in Sources */,
				A31C821E6C6C0ECBC212E1B0 /* DashV2View.swift in Sources */,
				3035A56BC80FCFEAD48831DB /* DepartureSharesSheet.swift in Sources */,
				3ED1321FB7B61D7ADDAA032F /* DesignSystem.swift in Sources */,
				A7702B4C541BF386DC61A751 /* DestinationsCostSheet.swift in Sources */,
				C41F6D9BF236FAA2E0C9F8FE /* DriveScoreDetailSheet.swift in Sources */,
				907217011438996B6B234CBE /* DriveSheetsV2.swift in Sources */,
				890C4EF57B8481A40315E318 /* DriveV2View.swift in Sources */,
				AB54B999C13215025CD95776 /* EcoScoreSheet.swift in Sources */,
				75C8BDB4E564295F9914305A /* EscutaSheetV2.swift in Sources */,
				FDC069910888466ECD2333EB /* EventsTimelineSheet.swift in Sources */,
				7BBCE6E8C624F3678342BC83 /* GravacoesV2View.swift in Sources */,
				AACDCF32BF0A0A36A4A2F84F /* HavalEcoTripApp.swift in Sources */,
				839C342E1B743B40E985A9D8 /* HealthScoreSheet.swift in Sources */,
				69810CED4FDBA62F03D70503 /* InfraActivityAttributes.swift in Sources */,
				832349E92040F2B54EA3E451 /* InsightsSheet.swift in Sources */,
				2BBB45182185499D3B954868 /* LANDiscovery.swift in Sources */,
				F379D806BE7FED032C296716 /* LeaveBySheet.swift in Sources */,
				4C94F890D15203640F57B31D /* LiveActivityPush.swift in Sources */,
				E7A22E919521A94E9004D8F2 /* LivePreview.swift in Sources */,
				948F17F08B6F8F6F985727A4 /* LiveRouteBanner.swift in Sources */,
				4EB218A639630413D48F777D /* LogsSheet.swift in Sources */,
				0CC661D339028F8AD4C5270B /* MaintenanceSheet.swift in Sources */,
				9726912E15C4196ACF166260 /* MaintenanceStore.swift in Sources */,
				F301DF9029E3A438CA7D1C21 /* MapPickerSheet.swift in Sources */,
				9E9A8069F0811E01F0967B3B /* MicTestSheet.swift in Sources */,
				DD310F1F60647C63E517FD7F /* MilestonesSheet.swift in Sources */,
				40FD4BDFC584EDCEDD3A24E6 /* ModeEconomySheet.swift in Sources */,
				B96C51890F002FCEC37EB6B2 /* MonthlyReportSheet.swift in Sources */,
				8B1DEE4FCD8F3304A07A33C9 /* MotorActivityAttributes.swift in Sources */,
				18E278B160F80938E45E8463 /* NativeConfigView.swift in Sources */,
				6601E0AF99CFBF6068D0180D /* NativeDashView.swift in Sources */,
				8B73DFD0957C51F2398BED33 /* NativeDriveView.swift in Sources */,
				56DB4B366860CA6AC5500786 /* NativeInsightsView.swift in Sources */,
				694901AB2FD60B4D5A1322DA /* NativeRecargasView.swift in Sources */,
				62435AEEC1C0E57CFBB27ABE /* NativeViagensView.swift in Sources */,
				6C1FE4315EFC5408CBF98788 /* NotificationsCenterSheet.swift in Sources */,
				6B3EDE545B2502D265805216 /* OfflineSync.swift in Sources */,
				1680B02F6D37B65B3E2AC1F5 /* ParkGuardSheet.swift in Sources */,
				2E5167D0ADF77FFAC397D835 /* ParkingActivityAttributes.swift in Sources */,
				E33D5E05A2258BAED6BFBF7A /* ParkingSheet.swift in Sources */,
				DFCCD6179A36858D2D824148 /* ParkingStore.swift in Sources */,
				3980C2076408E94B4B512D5B /* PeriodFilter.swift in Sources */,
				4AC88532EF1E06F2F60CAF5F /* PhoneLocationReporter.swift in Sources */,
				0C3838E769FD23A972E10B3E /* PreClimatActivityAttributes.swift in Sources */,
				94B42F625FD0B0D01D25E4D7 /* PreclimaV2View.swift in Sources */,
				D2B7262D32955CCCE4EE48F7 /* PreclimatContextStore.swift in Sources */,
				A01430293347A18D099263AF /* PreclimatSheet.swift in Sources */,
				5E3E822BD69F7F11ED12B2D6 /* PwaWebView.swift in Sources */,
				CF45F1EDFEE591233BE1F24E /* RecargasV2View.swift in Sources */,
				B25D2B9EB0665CADC0BFB9E8 /* RecordingsView.swift in Sources */,
				51B5F9B9255D183BDCDE0CC7 /* RemoteNotifications.swift in Sources */,
				C2CBD6E85350C31D1C529BE8 /* RouteCompareSheet.swift in Sources */,
				D4EC9B88AD285F862CE45A32 /* SavingsSheet.swift in Sources */,
				5CF964F8F567C8A30A20996D /* SecurityActivityAttributes.swift in Sources */,
				5258D112C16CFD21020F41B2 /* Settings.swift in Sources */,
				08B039C04CAA4A37091C5D1D /* ShareStatusSheet.swift in Sources */,
				BA989F1F5994F2921A13B3D3 /* ShortcutManager.swift in Sources */,
				7DCDE6AF8C143F57C59F7D86 /* SpeedFenceSheet.swift in Sources */,
				F84F3B84B0CC0D78ACA5E89B /* TempConsumptionSheet.swift in Sources */,
				2480E68526B78CFE04F2C37B /* TripActivityAttributes.swift in Sources */,
				21AF7E0943D616FF926C18CE /* ViagensV2View.swift in Sources */,
			);
			runOnlyForDeploymentPostprocessing = 0;
		};
		A8E2E19858992723C7BE54D9 /* Sources */ = {
			isa = PBXSourcesBuildPhase;
			buildActionMask = 2147483647;
			files = (
				8C38A751217FF17B7A5F5691 /* BydChargeWidget.swift in Sources */,
				BD7C6AB06DD0FA3DFCB15EBD /* BydRecargaWidgetBundle.swift in Sources */,
				511C70BEFA5F8976F57FA39B /* CompanionInboundActivityAttributes.swift in Sources */,
				80639C1E100AEBE69241F7D6 /* CompanionInboundLiveActivity.swift in Sources */,
				3F02C89011D88C610B91C20C /* SharedTripActivityAttributes.swift in Sources */,
				FDEC45312DD59C7E8AA8B7C2 /* SharedTripLiveActivity.swift in Sources */,
				1505BBD9630C5E03C190C203 /* SongProActivityAttributes.swift in Sources */,
				31C4EEF5E7D54B74A2F8DCA1 /* SongProLiveActivity.swift in Sources */,
				FE7B902A4E0C408709E7B8AD /* SongProTripActivityAttributes.swift in Sources */,
				C53454204CA59200E9360FF8 /* SongProTripLiveActivity.swift in Sources */,
			);
			runOnlyForDeploymentPostprocessing = 0;
		};
		B120FD85CF0C2693F959B951 /* Sources */ = {
			isa = PBXSourcesBuildPhase;
			buildActionMask = 2147483647;
			files = (
				96755F980B03F6B827D28AC0 /* AuthConfig.swift in Sources */,
				DBD69D16CA773604913A1330 /* Settings.swift in Sources */,
				68110724BB249D794F3FE32F /* ShareViewController.swift in Sources */,
			);
			runOnlyForDeploymentPostprocessing = 0;
		};
/* End PBXSourcesBuildPhase section */

/* Begin PBXTargetDependency section */
		1CC48166560F6121A3AFD0D5 /* PBXTargetDependency */ = {
			isa = PBXTargetDependency;
			target = BBC06950EA1E47A8982A0457 /* BydRecargaWidget */;
			targetProxy = FBC92699CDE4026C5046490F /* PBXContainerItemProxy */;
		};
		ABF9ACFC5BF036BDAAFA7381 /* PBXTargetDependency */ = {
			isa = PBXTargetDependency;
			target = 7C6F91A3D976662D4231F695 /* HavalEcoTripWidget */;
			targetProxy = 36D4CECE0DC9E35FE8F7CC08 /* PBXContainerItemProxy */;
		};
/* End PBXTargetDependency section */

/* Begin XCBuildConfiguration section */
		0CC57BE520CC8D458A43C736 /* Release */ = {
			isa = XCBuildConfiguration;
			buildSettings = {
				ASSETCATALOG_COMPILER_APPICON_NAME = AppIcon;
				CODE_SIGN_ENTITLEMENTS = "BydRecarga/BydRecarga-prod.entitlements";
				CODE_SIGN_IDENTITY = "iPhone Developer";
				INFOPLIST_FILE = BydRecarga/Info.plist;
				INFOPLIST_KEY_UILaunchScreen_Generation = YES;
				LD_RUNPATH_SEARCH_PATHS = (
					"$(inherited)",
					"@executable_path/Frameworks",
				);
				MARKETING_VERSION = 1.0.3;
				PRODUCT_BUNDLE_IDENTIFIER = br.com.consorciolimpagyn.songpro;
				SDKROOT = iphoneos;
				TARGETED_DEVICE_FAMILY = 1;
			};
			name = Release;
		};
		1D34F5FCE58AFC691B5725C5 /* Debug */ = {
			isa = XCBuildConfiguration;
			buildSettings = {
				CODE_SIGN_ENTITLEMENTS = HavalEcoTripWidget/HavalEcoTripWidget.entitlements;
				INFOPLIST_FILE = HavalEcoTripWidget/Info.plist;
				INFOPLIST_KEY_NSHumanReadableCopyright = "";
				LD_RUNPATH_SEARCH_PATHS = (
					"$(inherited)",
					"@executable_path/Frameworks",
					"@executable_path/../../Frameworks",
				);
				PRODUCT_BUNDLE_IDENTIFIER = br.com.consorciolimpagyn.havalecotrip.HavalEcoTripWidget;
				SDKROOT = iphoneos;
				TARGETED_DEVICE_FAMILY = "1,2";
			};
			name = Debug;
		};
		2F12BF2F1804174F083E263E /* Debug */ = {
			isa = XCBuildConfiguration;
			buildSettings = {
				CODE_SIGN_ENTITLEMENTS = ShareExtension/ShareExtension.entitlements;
				INFOPLIST_FILE = ShareExtension/Info.plist;
				INFOPLIST_KEY_NSHumanReadableCopyright = "";
				LD_RUNPATH_SEARCH_PATHS = (
					"$(inherited)",
					"@executable_path/Frameworks",
					"@executable_path/../../Frameworks",
				);
				PRODUCT_BUNDLE_IDENTIFIER = br.com.consorciolimpagyn.havalecotrip.ShareExtension;
				SDKROOT = iphoneos;
				TARGETED_DEVICE_FAMILY = "1,2";
			};
			name = Debug;
		};
		368C220091CF062B874A7A11 /* Debug */ = {
			isa = XCBuildConfiguration;
			buildSettings = {
				ALWAYS_SEARCH_USER_PATHS = NO;
				CLANG_ANALYZER_NONNULL = YES;
				CLANG_ANALYZER_NUMBER_OBJECT_CONVERSION = YES_AGGRESSIVE;
				CLANG_CXX_LANGUAGE_STANDARD = "gnu++14";
				CLANG_CXX_LIBRARY = "libc++";
				CLANG_ENABLE_MODULES = YES;
				CLANG_ENABLE_OBJC_ARC = YES;
				CLANG_ENABLE_OBJC_WEAK = YES;
				CLANG_WARN_BLOCK_CAPTURE_AUTORELEASING = YES;
				CLANG_WARN_BOOL_CONVERSION = YES;
				CLANG_WARN_COMMA = YES;
				CLANG_WARN_CONSTANT_CONVERSION = YES;
				CLANG_WARN_DEPRECATED_OBJC_IMPLEMENTATIONS = YES;
				CLANG_WARN_DIRECT_OBJC_ISA_USAGE = YES_ERROR;
				CLANG_WARN_DOCUMENTATION_COMMENTS = YES;
				CLANG_WARN_EMPTY_BODY = YES;
				CLANG_WARN_ENUM_CONVERSION = YES;
				CLANG_WARN_INFINITE_RECURSION = YES;
				CLANG_WARN_INT_CONVERSION = YES;
				CLANG_WARN_NON_LITERAL_NULL_CONVERSION = YES;
				CLANG_WARN_OBJC_IMPLICIT_RETAIN_SELF = YES;
				CLANG_WARN_OBJC_LITERAL_CONVERSION = YES;
				CLANG_WARN_OBJC_ROOT_CLASS = YES_ERROR;
				CLANG_WARN_QUOTED_INCLUDE_IN_FRAMEWORK_HEADER = YES;
				CLANG_WARN_RANGE_LOOP_ANALYSIS = YES;
				CLANG_WARN_STRICT_PROTOTYPES = YES;
				CLANG_WARN_SUSPICIOUS_MOVE = YES;
				CLANG_WARN_UNGUARDED_AVAILABILITY = YES_AGGRESSIVE;
				CLANG_WARN_UNREACHABLE_CODE = YES;
				CLANG_WARN__DUPLICATE_METHOD_MATCH = YES;
				CODE_SIGN_STYLE = Automatic;
				COPY_PHASE_STRIP = NO;
				CURRENT_PROJECT_VERSION = 1;
				DEBUG_INFORMATION_FORMAT = dwarf;
				DEVELOPMENT_TEAM = 7Y6MPKR5CD;
				ENABLE_STRICT_OBJC_MSGSEND = YES;
				ENABLE_TESTABILITY = YES;
				GCC_C_LANGUAGE_STANDARD = gnu11;
				GCC_DYNAMIC_NO_PIC = NO;
				GCC_NO_COMMON_BLOCKS = YES;
				GCC_OPTIMIZATION_LEVEL = 0;
				GCC_PREPROCESSOR_DEFINITIONS = (
					"$(inherited)",
					"DEBUG=1",
				);
				GCC_WARN_64_TO_32_BIT_CONVERSION = YES;
				GCC_WARN_ABOUT_RETURN_TYPE = YES_ERROR;
				GCC_WARN_UNDECLARED_SELECTOR = YES;
				GCC_WARN_UNINITIALIZED_AUTOS = YES_AGGRESSIVE;
				GCC_WARN_UNUSED_FUNCTION = YES;
				GCC_WARN_UNUSED_VARIABLE = YES;
				IPHONEOS_DEPLOYMENT_TARGET = 17.0;
				MARKETING_VERSION = 1.0;
				MTL_ENABLE_DEBUG_INFO = INCLUDE_SOURCE;
				MTL_FAST_MATH = YES;
				ONLY_ACTIVE_ARCH = YES;
				PRODUCT_NAME = "$(TARGET_NAME)";
				SDKROOT = iphoneos;
				SWIFT_ACTIVE_COMPILATION_CONDITIONS = DEBUG;
				SWIFT_OPTIMIZATION_LEVEL = "-Onone";
				SWIFT_VERSION = 5.10;
			};
			name = Debug;
		};
		6A1D00F46D2724B861938589 /* Debug */ = {
			isa = XCBuildConfiguration;
			buildSettings = {
				ASSETCATALOG_COMPILER_APPICON_NAME = AppIcon;
				CODE_SIGN_ENTITLEMENTS = "BydRecarga/BydRecarga-dev.entitlements";
				CODE_SIGN_IDENTITY = "iPhone Developer";
				INFOPLIST_FILE = BydRecarga/Info.plist;
				INFOPLIST_KEY_UILaunchScreen_Generation = YES;
				LD_RUNPATH_SEARCH_PATHS = (
					"$(inherited)",
					"@executable_path/Frameworks",
				);
				MARKETING_VERSION = 1.0.3;
				PRODUCT_BUNDLE_IDENTIFIER = br.com.consorciolimpagyn.songpro;
				SDKROOT = iphoneos;
				TARGETED_DEVICE_FAMILY = 1;
			};
			name = Debug;
		};
		8AB1BC2F61E731CE93607B51 /* Debug */ = {
			isa = XCBuildConfiguration;
			buildSettings = {
				CODE_SIGN_ENTITLEMENTS = BydRecargaWidget/BydRecargaWidget.entitlements;
				INFOPLIST_FILE = BydRecargaWidget/Info.plist;
				INFOPLIST_KEY_NSHumanReadableCopyright = "";
				LD_RUNPATH_SEARCH_PATHS = (
					"$(inherited)",
					"@executable_path/Frameworks",
					"@executable_path/../../Frameworks",
				);
				MARKETING_VERSION = 1.0.3;
				PRODUCT_BUNDLE_IDENTIFIER = br.com.consorciolimpagyn.songpro.BydRecargaWidget;
				SDKROOT = iphoneos;
				TARGETED_DEVICE_FAMILY = 1;
			};
			name = Debug;
		};
		914914E94A31DC729D5FE154 /* Release */ = {
			isa = XCBuildConfiguration;
			buildSettings = {
				CODE_SIGN_ENTITLEMENTS = ShareExtension/ShareExtension.entitlements;
				INFOPLIST_FILE = ShareExtension/Info.plist;
				INFOPLIST_KEY_NSHumanReadableCopyright = "";
				LD_RUNPATH_SEARCH_PATHS = (
					"$(inherited)",
					"@executable_path/Frameworks",
					"@executable_path/../../Frameworks",
				);
				PRODUCT_BUNDLE_IDENTIFIER = br.com.consorciolimpagyn.havalecotrip.ShareExtension;
				SDKROOT = iphoneos;
				TARGETED_DEVICE_FAMILY = "1,2";
			};
			name = Release;
		};
		93DC9F955EC3DE3076F49547 /* Debug */ = {
			isa = XCBuildConfiguration;
			buildSettings = {
				ASSETCATALOG_COMPILER_APPICON_NAME = AppIcon;
				CODE_SIGN_ENTITLEMENTS = "HavalEcoTrip/HavalEcoTrip-dev.entitlements";
				CODE_SIGN_IDENTITY = "iPhone Developer";
				INFOPLIST_FILE = HavalEcoTrip/Info.plist;
				INFOPLIST_KEY_UILaunchScreen_Generation = YES;
				LD_RUNPATH_SEARCH_PATHS = (
					"$(inherited)",
					"@executable_path/Frameworks",
				);
				PRODUCT_BUNDLE_IDENTIFIER = br.com.consorciolimpagyn.havalecotrip;
				SDKROOT = iphoneos;
				TARGETED_DEVICE_FAMILY = "1,2";
			};
			name = Debug;
		};
		A84371E4CF30414692B2A11C /* Release */ = {
			isa = XCBuildConfiguration;
			buildSettings = {
				ASSETCATALOG_COMPILER_APPICON_NAME = AppIcon;
				CODE_SIGN_ENTITLEMENTS = "HavalEcoTrip/HavalEcoTrip-prod.entitlements";
				CODE_SIGN_IDENTITY = "iPhone Developer";
				INFOPLIST_FILE = HavalEcoTrip/Info.plist;
				INFOPLIST_KEY_UILaunchScreen_Generation = YES;
				LD_RUNPATH_SEARCH_PATHS = (
					"$(inherited)",
					"@executable_path/Frameworks",
				);
				PRODUCT_BUNDLE_IDENTIFIER = br.com.consorciolimpagyn.havalecotrip;
				SDKROOT = iphoneos;
				TARGETED_DEVICE_FAMILY = "1,2";
			};
			name = Release;
		};
		E7775AE15EB14F790BF2A327 /* Release */ = {
			isa = XCBuildConfiguration;
			buildSettings = {
				ALWAYS_SEARCH_USER_PATHS = NO;
				CLANG_ANALYZER_NONNULL = YES;
				CLANG_ANALYZER_NUMBER_OBJECT_CONVERSION = YES_AGGRESSIVE;
				CLANG_CXX_LANGUAGE_STANDARD = "gnu++14";
				CLANG_CXX_LIBRARY = "libc++";
				CLANG_ENABLE_MODULES = YES;
				CLANG_ENABLE_OBJC_ARC = YES;
				CLANG_ENABLE_OBJC_WEAK = YES;
				CLANG_WARN_BLOCK_CAPTURE_AUTORELEASING = YES;
				CLANG_WARN_BOOL_CONVERSION = YES;
				CLANG_WARN_COMMA = YES;
				CLANG_WARN_CONSTANT_CONVERSION = YES;
				CLANG_WARN_DEPRECATED_OBJC_IMPLEMENTATIONS = YES;
				CLANG_WARN_DIRECT_OBJC_ISA_USAGE = YES_ERROR;
				CLANG_WARN_DOCUMENTATION_COMMENTS = YES;
				CLANG_WARN_EMPTY_BODY = YES;
				CLANG_WARN_ENUM_CONVERSION = YES;
				CLANG_WARN_INFINITE_RECURSION = YES;
				CLANG_WARN_INT_CONVERSION = YES;
				CLANG_WARN_NON_LITERAL_NULL_CONVERSION = YES;
				CLANG_WARN_OBJC_IMPLICIT_RETAIN_SELF = YES;
				CLANG_WARN_OBJC_LITERAL_CONVERSION = YES;
				CLANG_WARN_OBJC_ROOT_CLASS = YES_ERROR;
				CLANG_WARN_QUOTED_INCLUDE_IN_FRAMEWORK_HEADER = YES;
				CLANG_WARN_RANGE_LOOP_ANALYSIS = YES;
				CLANG_WARN_STRICT_PROTOTYPES = YES;
				CLANG_WARN_SUSPICIOUS_MOVE = YES;
				CLANG_WARN_UNGUARDED_AVAILABILITY = YES_AGGRESSIVE;
				CLANG_WARN_UNREACHABLE_CODE = YES;
				CLANG_WARN__DUPLICATE_METHOD_MATCH = YES;
				CODE_SIGN_STYLE = Automatic;
				COPY_PHASE_STRIP = NO;
				CURRENT_PROJECT_VERSION = 1;
				DEBUG_INFORMATION_FORMAT = "dwarf-with-dsym";
				DEVELOPMENT_TEAM = 7Y6MPKR5CD;
				ENABLE_NS_ASSERTIONS = NO;
				ENABLE_STRICT_OBJC_MSGSEND = YES;
				GCC_C_LANGUAGE_STANDARD = gnu11;
				GCC_NO_COMMON_BLOCKS = YES;
				GCC_WARN_64_TO_32_BIT_CONVERSION = YES;
				GCC_WARN_ABOUT_RETURN_TYPE = YES_ERROR;
				GCC_WARN_UNDECLARED_SELECTOR = YES;
				GCC_WARN_UNINITIALIZED_AUTOS = YES_AGGRESSIVE;
				GCC_WARN_UNUSED_FUNCTION = YES;
				GCC_WARN_UNUSED_VARIABLE = YES;
				IPHONEOS_DEPLOYMENT_TARGET = 17.0;
				MARKETING_VERSION = 1.0;
				MTL_ENABLE_DEBUG_INFO = NO;
				MTL_FAST_MATH = YES;
				PRODUCT_NAME = "$(TARGET_NAME)";
				SDKROOT = iphoneos;
				SWIFT_COMPILATION_MODE = wholemodule;
				SWIFT_OPTIMIZATION_LEVEL = "-O";
				SWIFT_VERSION = 5.10;
			};
			name = Release;
		};
		EB71BC05F53D2BCD423C1E48 /* Release */ = {
			isa = XCBuildConfiguration;
			buildSettings = {
				CODE_SIGN_ENTITLEMENTS = BydRecargaWidget/BydRecargaWidget.entitlements;
				INFOPLIST_FILE = BydRecargaWidget/Info.plist;
				INFOPLIST_KEY_NSHumanReadableCopyright = "";
				LD_RUNPATH_SEARCH_PATHS = (
					"$(inherited)",
					"@executable_path/Frameworks",
					"@executable_path/../../Frameworks",
				);
				MARKETING_VERSION = 1.0.3;
				PRODUCT_BUNDLE_IDENTIFIER = br.com.consorciolimpagyn.songpro.BydRecargaWidget;
				SDKROOT = iphoneos;
				TARGETED_DEVICE_FAMILY = 1;
			};
			name = Release;
		};
		EDA60AEDD405EBE94B248C5E /* Release */ = {
			isa = XCBuildConfiguration;
			buildSettings = {
				CODE_SIGN_ENTITLEMENTS = HavalEcoTripWidget/HavalEcoTripWidget.entitlements;
				INFOPLIST_FILE = HavalEcoTripWidget/Info.plist;
				INFOPLIST_KEY_NSHumanReadableCopyright = "";
				LD_RUNPATH_SEARCH_PATHS = (
					"$(inherited)",
					"@executable_path/Frameworks",
					"@executable_path/../../Frameworks",
				);
				PRODUCT_BUNDLE_IDENTIFIER = br.com.consorciolimpagyn.havalecotrip.HavalEcoTripWidget;
				SDKROOT = iphoneos;
				TARGETED_DEVICE_FAMILY = "1,2";
			};
			name = Release;
		};
/* End XCBuildConfiguration section */

/* Begin XCConfigurationList section */
		3015C415EDB970F7231758F6 /* Build configuration list for PBXNativeTarget "BydRecarga" */ = {
			isa = XCConfigurationList;
			buildConfigurations = (
				6A1D00F46D2724B861938589 /* Debug */,
				0CC57BE520CC8D458A43C736 /* Release */,
			);
			defaultConfigurationIsVisible = 0;
			defaultConfigurationName = Debug;
		};
		33F8B95A0DBFD663A5DE1E30 /* Build configuration list for PBXNativeTarget "HavalEcoTrip" */ = {
			isa = XCConfigurationList;
			buildConfigurations = (
				93DC9F955EC3DE3076F49547 /* Debug */,
				A84371E4CF30414692B2A11C /* Release */,
			);
			defaultConfigurationIsVisible = 0;
			defaultConfigurationName = Debug;
		};
		3E988FA30D6892FC039020BF /* Build configuration list for PBXProject "HavalEcoTrip" */ = {
			isa = XCConfigurationList;
			buildConfigurations = (
				368C220091CF062B874A7A11 /* Debug */,
				E7775AE15EB14F790BF2A327 /* Release */,
			);
			defaultConfigurationIsVisible = 0;
			defaultConfigurationName = Debug;
		};
		6814C8D4DB148B0C4FB6E622 /* Build configuration list for PBXNativeTarget "ShareExtension" */ = {
			isa = XCConfigurationList;
			buildConfigurations = (
				2F12BF2F1804174F083E263E /* Debug */,
				914914E94A31DC729D5FE154 /* Release */,
			);
			defaultConfigurationIsVisible = 0;
			defaultConfigurationName = Debug;
		};
		9F079467A5C6FD1B8F39FA51 /* Build configuration list for PBXNativeTarget "HavalEcoTripWidget" */ = {
			isa = XCConfigurationList;
			buildConfigurations = (
				1D34F5FCE58AFC691B5725C5 /* Debug */,
				EDA60AEDD405EBE94B248C5E /* Release */,
			);
			defaultConfigurationIsVisible = 0;
			defaultConfigurationName = Debug;
		};
		CF3F755563989EDFAACFF030 /* Build configuration list for PBXNativeTarget "BydRecargaWidget" */ = {
			isa = XCConfigurationList;
			buildConfigurations = (
				8AB1BC2F61E731CE93607B51 /* Debug */,
				EB71BC05F53D2BCD423C1E48 /* Release */,
			);
			defaultConfigurationIsVisible = 0;
			defaultConfigurationName = Debug;
		};
/* End XCConfigurationList section */
	};
	rootObject = CB4F87A590F61F207CFCDD6A /* Project object */;
}
